// !$*UTF8*$!
{
	archiveVersion = 1;
	classes = {
	};
	objectVersion = 56;
	objects = {

/* Begin PBXBuildFile section */
		512579B72CDD16DD00649D3F /* .swiftlint.yml in Resources */ = {isa = PBXBuildFile; fileRef = 512579B62CDD16DD00649D3F /* .swiftlint.yml */; };
		512579BA2CDE43EB00649D3F /* UIView+Setter.swift in Sources */ = {isa = PBXBuildFile; fileRef = 512579B92CDE43EB00649D3F /* UIView+Setter.swift */; };
		955BF8BE2CE0C9F1009227FA /* TravelSearchBarView.swift in Sources */ = {isa = PBXBuildFile; fileRef = 955BF8BD2CE0C9F1009227FA /* TravelSearchBarView.swift */; };
		F3EB760D2CDD14B20054D4E1 /* Assets.xcassets in Resources */ = {isa = PBXBuildFile; fileRef = F3EB760C2CDD14B20054D4E1 /* Assets.xcassets */; };
		F3EB76102CDD14B20054D4E1 /* Base in Resources */ = {isa = PBXBuildFile; fileRef = F3EB760F2CDD14B20054D4E1 /* Base */; };
		F3EB761B2CDD14B20054D4E1 /* AKCOOTests.swift in Sources */ = {isa = PBXBuildFile; fileRef = F3EB761A2CDD14B20054D4E1 /* AKCOOTests.swift */; };
		F3EB76252CDD14B20054D4E1 /* AKCOOUITests.swift in Sources */ = {isa = PBXBuildFile; fileRef = F3EB76242CDD14B20054D4E1 /* AKCOOUITests.swift */; };
		F3EB76272CDD14B20054D4E1 /* AKCOOUITestsLaunchTests.swift in Sources */ = {isa = PBXBuildFile; fileRef = F3EB76262CDD14B20054D4E1 /* AKCOOUITestsLaunchTests.swift */; };
		F3EB76352CDD14F60054D4E1 /* .gitignore in Resources */ = {isa = PBXBuildFile; fileRef = F3EB76342CDD14F60054D4E1 /* .gitignore */; };
		F3EB763B2CDDDC990054D4E1 /* AppDelegate.swift in Sources */ = {isa = PBXBuildFile; fileRef = F3EB76372CDDDC990054D4E1 /* AppDelegate.swift */; };
		F3EB763C2CDDDC990054D4E1 /* SceneDelegate.swift in Sources */ = {isa = PBXBuildFile; fileRef = F3EB76382CDDDC990054D4E1 /* SceneDelegate.swift */; };
		F3EB763E2CDDDD9A0054D4E1 /* AppCoordinatorImp.swift in Sources */ = {isa = PBXBuildFile; fileRef = F3EB763D2CDDDD9A0054D4E1 /* AppCoordinatorImp.swift */; };
		F3EB76472CDDDDFF0054D4E1 /* Coordinator.swift in Sources */ = {isa = PBXBuildFile; fileRef = F3EB76442CDDDDFF0054D4E1 /* Coordinator.swift */; };
		F3EB76482CDDDDFF0054D4E1 /* CoordinatorFinishDelegate.swift in Sources */ = {isa = PBXBuildFile; fileRef = F3EB76452CDDDDFF0054D4E1 /* CoordinatorFinishDelegate.swift */; };
		F3EB76492CDDDDFF0054D4E1 /* CoordinatorType.swift in Sources */ = {isa = PBXBuildFile; fileRef = F3EB76462CDDDDFF0054D4E1 /* CoordinatorType.swift */; };
		F3EB764B2CDDDE280054D4E1 /* AppCoordinator.swift in Sources */ = {isa = PBXBuildFile; fileRef = F3EB764A2CDDDE280054D4E1 /* AppCoordinator.swift */; };
		F3EB765C2CDDE30B0054D4E1 /* TravelNewCoordinatorImp.swift in Sources */ = {isa = PBXBuildFile; fileRef = F3EB76572CDDE30B0054D4E1 /* TravelNewCoordinatorImp.swift */; };
		F3EB765D2CDDE30B0054D4E1 /* TravelCoordinator.swift in Sources */ = {isa = PBXBuildFile; fileRef = F3EB76582CDDE30B0054D4E1 /* TravelCoordinator.swift */; };
		F3EB765E2CDDE30B0054D4E1 /* TravelNewCoordinator.swift in Sources */ = {isa = PBXBuildFile; fileRef = F3EB76592CDDE30B0054D4E1 /* TravelNewCoordinator.swift */; };
		F3EB765F2CDDE30B0054D4E1 /* TravelCoordinatorImp.swift in Sources */ = {isa = PBXBuildFile; fileRef = F3EB765B2CDDE30B0054D4E1 /* TravelCoordinatorImp.swift */; };
		F3EB76622CDDE3680054D4E1 /* TravelListSceneController.swift in Sources */ = {isa = PBXBuildFile; fileRef = F3EB76602CDDE3680054D4E1 /* TravelListSceneController.swift */; };
		F3EB76632CDDE3680054D4E1 /* TravelNewSceneController.swift in Sources */ = {isa = PBXBuildFile; fileRef = F3EB76612CDDE3680054D4E1 /* TravelNewSceneController.swift */; };
		F3EB76672CDDE39A0054D4E1 /* TravelTableView.swift in Sources */ = {isa = PBXBuildFile; fileRef = F3EB76642CDDE39A0054D4E1 /* TravelTableView.swift */; };
		F3EB76682CDDE39A0054D4E1 /* TravelTableViewCell.swift in Sources */ = {isa = PBXBuildFile; fileRef = F3EB76652CDDE39A0054D4E1 /* TravelTableViewCell.swift */; };
		F3EB76692CDDE39A0054D4E1 /* TravelTableViewCell.xib in Resources */ = {isa = PBXBuildFile; fileRef = F3EB76662CDDE39A0054D4E1 /* TravelTableViewCell.xib */; };
		F3EB76722CDDE3DF0054D4E1 /* ExpenseSceneController.swift in Sources */ = {isa = PBXBuildFile; fileRef = F3EB766F2CDDE3DF0054D4E1 /* ExpenseSceneController.swift */; };
		F3EB76732CDDE3DF0054D4E1 /* ExpenseStatsViewController.swift in Sources */ = {isa = PBXBuildFile; fileRef = F3EB76702CDDE3DF0054D4E1 /* ExpenseStatsViewController.swift */; };
		F3EB76742CDDE3DF0054D4E1 /* ExpenseRecordViewController.swift in Sources */ = {isa = PBXBuildFile; fileRef = F3EB76712CDDE3DF0054D4E1 /* ExpenseRecordViewController.swift */; };
		F3EB76772CDDE5720054D4E1 /* ExpenseUseCaseImp.swift in Sources */ = {isa = PBXBuildFile; fileRef = F3EB76752CDDE5720054D4E1 /* ExpenseUseCaseImp.swift */; };
		F3EB76782CDDE5720054D4E1 /* TravelUseCaseImp.swift in Sources */ = {isa = PBXBuildFile; fileRef = F3EB76762CDDE5720054D4E1 /* TravelUseCaseImp.swift */; };
		F3EB767D2CDDE5790054D4E1 /* Expense.swift in Sources */ = {isa = PBXBuildFile; fileRef = F3EB76792CDDE5790054D4E1 /* Expense.swift */; };
		F3EB767E2CDDE5790054D4E1 /* Currency.swift in Sources */ = {isa = PBXBuildFile; fileRef = F3EB767A2CDDE5790054D4E1 /* Currency.swift */; };
		F3EB767F2CDDE5790054D4E1 /* Travel.swift in Sources */ = {isa = PBXBuildFile; fileRef = F3EB767B2CDDE5790054D4E1 /* Travel.swift */; };
		F3EB76802CDDE5790054D4E1 /* Budget.swift in Sources */ = {isa = PBXBuildFile; fileRef = F3EB767C2CDDE5790054D4E1 /* Budget.swift */; };
		F3EB768C2CDDECFF0054D4E1 /* UIFont+AKFont.swift in Sources */ = {isa = PBXBuildFile; fileRef = F3EB768B2CDDECFF0054D4E1 /* UIFont+AKFont.swift */; };
		F3EB76AC2CDDEED10054D4E1 /* CustomFont.swift in Sources */ = {isa = PBXBuildFile; fileRef = F3EB76AB2CDDEED10054D4E1 /* CustomFont.swift */; };
		F3EB76AE2CDDEEE80054D4E1 /* AKFontType.swift in Sources */ = {isa = PBXBuildFile; fileRef = F3EB76AD2CDDEEE80054D4E1 /* AKFontType.swift */; };
		F3EB76B12CDDFD210054D4E1 /* UIColor+AKColor.swift in Sources */ = {isa = PBXBuildFile; fileRef = F3EB76B02CDDFD210054D4E1 /* UIColor+AKColor.swift */; };
		F3EB76B32CDDFD850054D4E1 /* UIColor+Hex.swift in Sources */ = {isa = PBXBuildFile; fileRef = F3EB76B22CDDFD850054D4E1 /* UIColor+Hex.swift */; };
		F3EB76B52CDE14E60054D4E1 /* UIViewController+HideKeyboard.swift in Sources */ = {isa = PBXBuildFile; fileRef = F3EB76B42CDE14E60054D4E1 /* UIViewController+HideKeyboard.swift */; };
		F3EB76B72CDE157B0054D4E1 /* SetWindowBackground.swift in Sources */ = {isa = PBXBuildFile; fileRef = F3EB76B62CDE157B0054D4E1 /* SetWindowBackground.swift */; };
		F3EB76BB2CDE1A2C0054D4E1 /* CGFloat+AkSpacing.swift in Sources */ = {isa = PBXBuildFile; fileRef = F3EB76BA2CDE1A2C0054D4E1 /* CGFloat+AkSpacing.swift */; };
		F3EB76BD2CDE33AF0054D4E1 /* Empty.swift in Sources */ = {isa = PBXBuildFile; fileRef = F3EB76BC2CDE33AF0054D4E1 /* Empty.swift */; };
		F3EB76CD2CDE406D0054D4E1 /* SFMonoBoldItalic.otf in Resources */ = {isa = PBXBuildFile; fileRef = F3EB76BE2CDE406C0054D4E1 /* SFMonoBoldItalic.otf */; };
		F3EB76CE2CDE406D0054D4E1 /* SFMonoMedium.otf in Resources */ = {isa = PBXBuildFile; fileRef = F3EB76BF2CDE406D0054D4E1 /* SFMonoMedium.otf */; };
		F3EB76CF2CDE406D0054D4E1 /* SFMonoSemibold.otf in Resources */ = {isa = PBXBuildFile; fileRef = F3EB76C02CDE406D0054D4E1 /* SFMonoSemibold.otf */; };
		F3EB76D02CDE406D0054D4E1 /* SFMonoLightItalic.otf in Resources */ = {isa = PBXBuildFile; fileRef = F3EB76C12CDE406D0054D4E1 /* SFMonoLightItalic.otf */; };
		F3EB76D12CDE406D0054D4E1 /* SFMonoLight.otf in Resources */ = {isa = PBXBuildFile; fileRef = F3EB76C22CDE406D0054D4E1 /* SFMonoLight.otf */; };
		F3EB76D22CDE406D0054D4E1 /* GmarketSansTTFMedium.ttf in Resources */ = {isa = PBXBuildFile; fileRef = F3EB76C32CDE406D0054D4E1 /* GmarketSansTTFMedium.ttf */; };
		F3EB76D32CDE406D0054D4E1 /* SFMonoBold.otf in Resources */ = {isa = PBXBuildFile; fileRef = F3EB76C42CDE406D0054D4E1 /* SFMonoBold.otf */; };
		F3EB76D42CDE406D0054D4E1 /* SFMonoHeavy.otf in Resources */ = {isa = PBXBuildFile; fileRef = F3EB76C52CDE406D0054D4E1 /* SFMonoHeavy.otf */; };
		F3EB76D52CDE406D0054D4E1 /* GmarketSansTTFLight.ttf in Resources */ = {isa = PBXBuildFile; fileRef = F3EB76C62CDE406D0054D4E1 /* GmarketSansTTFLight.ttf */; };
		F3EB76D62CDE406D0054D4E1 /* SFMonoMediumItalic.otf in Resources */ = {isa = PBXBuildFile; fileRef = F3EB76C72CDE406D0054D4E1 /* SFMonoMediumItalic.otf */; };
		F3EB76D72CDE406D0054D4E1 /* SFMonoRegular.otf in Resources */ = {isa = PBXBuildFile; fileRef = F3EB76C82CDE406D0054D4E1 /* SFMonoRegular.otf */; };
		F3EB76D82CDE406D0054D4E1 /* GmarketSansTTFBold.ttf in Resources */ = {isa = PBXBuildFile; fileRef = F3EB76C92CDE406D0054D4E1 /* GmarketSansTTFBold.ttf */; };
		F3EB76D92CDE406D0054D4E1 /* SFMonoRegularItalic.otf in Resources */ = {isa = PBXBuildFile; fileRef = F3EB76CA2CDE406D0054D4E1 /* SFMonoRegularItalic.otf */; };
		F3EB76DA2CDE406D0054D4E1 /* SFMonoHeavyItalic.otf in Resources */ = {isa = PBXBuildFile; fileRef = F3EB76CB2CDE406D0054D4E1 /* SFMonoHeavyItalic.otf */; };
		F3EB76DB2CDE406D0054D4E1 /* SFMonoSemiboldItalic.otf in Resources */ = {isa = PBXBuildFile; fileRef = F3EB76CC2CDE406D0054D4E1 /* SFMonoSemiboldItalic.otf */; };
		F3EB76DE2CDF965F0054D4E1 /* TravelListSceneFactoryImp.swift in Sources */ = {isa = PBXBuildFile; fileRef = F3EB76DD2CDF965F0054D4E1 /* TravelListSceneFactoryImp.swift */; };
		F3EB76E02CDF969E0054D4E1 /* TravelListSceneFactory.swift in Sources */ = {isa = PBXBuildFile; fileRef = F3EB76DF2CDF969E0054D4E1 /* TravelListSceneFactory.swift */; };
		F3EB76E22CDF97410054D4E1 /* TravelNewSceneFactory.swift in Sources */ = {isa = PBXBuildFile; fileRef = F3EB76E12CDF97410054D4E1 /* TravelNewSceneFactory.swift */; };
		F3EB76E42CDF97480054D4E1 /* TravelNewSceneFactoryImp.swift in Sources */ = {isa = PBXBuildFile; fileRef = F3EB76E32CDF97480054D4E1 /* TravelNewSceneFactoryImp.swift */; };
		F3EB76E72CDF990B0054D4E1 /* ExpenseSceneFactory.swift in Sources */ = {isa = PBXBuildFile; fileRef = F3EB76E62CDF990B0054D4E1 /* ExpenseSceneFactory.swift */; };
		F3EB76E92CDF99150054D4E1 /* ExpenseSceneFactoryImp.swift in Sources */ = {isa = PBXBuildFile; fileRef = F3EB76E82CDF99150054D4E1 /* ExpenseSceneFactoryImp.swift */; };
		F3EB76ED2CDFAF700054D4E1 /* ExpenseRecordFactoryImp.swift in Sources */ = {isa = PBXBuildFile; fileRef = F3EB76EC2CDFAF700054D4E1 /* ExpenseRecordFactoryImp.swift */; };
		F3EB76EF2CDFAF800054D4E1 /* ExpenseRecordFactory.swift in Sources */ = {isa = PBXBuildFile; fileRef = F3EB76EE2CDFAF800054D4E1 /* ExpenseRecordFactory.swift */; };
		F3EB76F12CDFAF8E0054D4E1 /* ExpenseStatsFactory.swift in Sources */ = {isa = PBXBuildFile; fileRef = F3EB76F02CDFAF8E0054D4E1 /* ExpenseStatsFactory.swift */; };
		F3EB76F32CDFAF960054D4E1 /* ExpenseStatsFactoryImp.swift in Sources */ = {isa = PBXBuildFile; fileRef = F3EB76F22CDFAF960054D4E1 /* ExpenseStatsFactoryImp.swift */; };
		F3EB76F52CDFB95A0054D4E1 /* TravelListCoordinator.swift in Sources */ = {isa = PBXBuildFile; fileRef = F3EB76F42CDFB95A0054D4E1 /* TravelListCoordinator.swift */; };
		F3EB76F92CDFBA0B0054D4E1 /* ExpenseStatsCoordinator.swift in Sources */ = {isa = PBXBuildFile; fileRef = F3EB76F82CDFBA0B0054D4E1 /* ExpenseStatsCoordinator.swift */; };
		F3EB76FB2CDFBB600054D4E1 /* ExpenseRecordCoordinator.swift in Sources */ = {isa = PBXBuildFile; fileRef = F3EB76FA2CDFBB600054D4E1 /* ExpenseRecordCoordinator.swift */; };
		F3EB76FE2CE09CCD0054D4E1 /* ExpenseUseCase.swift in Sources */ = {isa = PBXBuildFile; fileRef = F3EB76FD2CE09CCD0054D4E1 /* ExpenseUseCase.swift */; };
		F3EB77002CE09CE50054D4E1 /* TravelUseCase.swift in Sources */ = {isa = PBXBuildFile; fileRef = F3EB76FF2CE09CE50054D4E1 /* TravelUseCase.swift */; };
/* End PBXBuildFile section */

/* Begin PBXContainerItemProxy section */
		F3EB76172CDD14B20054D4E1 /* PBXContainerItemProxy */ = {
			isa = PBXContainerItemProxy;
			containerPortal = F3EB75F82CDD14B00054D4E1 /* Project object */;
			proxyType = 1;
			remoteGlobalIDString = F3EB75FF2CDD14B00054D4E1;
			remoteInfo = AKCOO;
		};
		F3EB76212CDD14B20054D4E1 /* PBXContainerItemProxy */ = {
			isa = PBXContainerItemProxy;
			containerPortal = F3EB75F82CDD14B00054D4E1 /* Project object */;
			proxyType = 1;
			remoteGlobalIDString = F3EB75FF2CDD14B00054D4E1;
			remoteInfo = AKCOO;
		};
/* End PBXContainerItemProxy section */

/* Begin PBXFileReference section */
		512579B62CDD16DD00649D3F /* .swiftlint.yml */ = {isa = PBXFileReference; lastKnownFileType = text.yaml; path = .swiftlint.yml; sourceTree = "<group>"; };
		512579B92CDE43EB00649D3F /* UIView+Setter.swift */ = {isa = PBXFileReference; lastKnownFileType = sourcecode.swift; path = "UIView+Setter.swift"; sourceTree = "<group>"; };
		955BF8BD2CE0C9F1009227FA /* TravelSearchBarView.swift */ = {isa = PBXFileReference; lastKnownFileType = sourcecode.swift; path = TravelSearchBarView.swift; sourceTree = "<group>"; };
		F3EB76002CDD14B00054D4E1 /* AKCOO.app */ = {isa = PBXFileReference; explicitFileType = wrapper.application; includeInIndex = 0; path = AKCOO.app; sourceTree = BUILT_PRODUCTS_DIR; };
		F3EB760C2CDD14B20054D4E1 /* Assets.xcassets */ = {isa = PBXFileReference; lastKnownFileType = folder.assetcatalog; path = Assets.xcassets; sourceTree = "<group>"; };
		F3EB760F2CDD14B20054D4E1 /* Base */ = {isa = PBXFileReference; lastKnownFileType = file.storyboard; name = Base; path = Base.lproj/LaunchScreen.storyboard; sourceTree = "<group>"; };
		F3EB76112CDD14B20054D4E1 /* Info.plist */ = {isa = PBXFileReference; lastKnownFileType = text.plist.xml; path = Info.plist; sourceTree = "<group>"; };
		F3EB76162CDD14B20054D4E1 /* AKCOOTests.xctest */ = {isa = PBXFileReference; explicitFileType = wrapper.cfbundle; includeInIndex = 0; path = AKCOOTests.xctest; sourceTree = BUILT_PRODUCTS_DIR; };
		F3EB761A2CDD14B20054D4E1 /* AKCOOTests.swift */ = {isa = PBXFileReference; lastKnownFileType = sourcecode.swift; path = AKCOOTests.swift; sourceTree = "<group>"; };
		F3EB76202CDD14B20054D4E1 /* AKCOOUITests.xctest */ = {isa = PBXFileReference; explicitFileType = wrapper.cfbundle; includeInIndex = 0; path = AKCOOUITests.xctest; sourceTree = BUILT_PRODUCTS_DIR; };
		F3EB76242CDD14B20054D4E1 /* AKCOOUITests.swift */ = {isa = PBXFileReference; lastKnownFileType = sourcecode.swift; path = AKCOOUITests.swift; sourceTree = "<group>"; };
		F3EB76262CDD14B20054D4E1 /* AKCOOUITestsLaunchTests.swift */ = {isa = PBXFileReference; lastKnownFileType = sourcecode.swift; path = AKCOOUITestsLaunchTests.swift; sourceTree = "<group>"; };
		F3EB76342CDD14F60054D4E1 /* .gitignore */ = {isa = PBXFileReference; lastKnownFileType = text; path = .gitignore; sourceTree = "<group>"; };
		F3EB76372CDDDC990054D4E1 /* AppDelegate.swift */ = {isa = PBXFileReference; fileEncoding = 4; lastKnownFileType = sourcecode.swift; path = AppDelegate.swift; sourceTree = "<group>"; };
		F3EB76382CDDDC990054D4E1 /* SceneDelegate.swift */ = {isa = PBXFileReference; fileEncoding = 4; lastKnownFileType = sourcecode.swift; path = SceneDelegate.swift; sourceTree = "<group>"; };
		F3EB763D2CDDDD9A0054D4E1 /* AppCoordinatorImp.swift */ = {isa = PBXFileReference; fileEncoding = 4; lastKnownFileType = sourcecode.swift; path = AppCoordinatorImp.swift; sourceTree = "<group>"; };
		F3EB76442CDDDDFF0054D4E1 /* Coordinator.swift */ = {isa = PBXFileReference; fileEncoding = 4; lastKnownFileType = sourcecode.swift; path = Coordinator.swift; sourceTree = "<group>"; };
		F3EB76452CDDDDFF0054D4E1 /* CoordinatorFinishDelegate.swift */ = {isa = PBXFileReference; fileEncoding = 4; lastKnownFileType = sourcecode.swift; path = CoordinatorFinishDelegate.swift; sourceTree = "<group>"; };
		F3EB76462CDDDDFF0054D4E1 /* CoordinatorType.swift */ = {isa = PBXFileReference; fileEncoding = 4; lastKnownFileType = sourcecode.swift; path = CoordinatorType.swift; sourceTree = "<group>"; };
		F3EB764A2CDDDE280054D4E1 /* AppCoordinator.swift */ = {isa = PBXFileReference; lastKnownFileType = sourcecode.swift; path = AppCoordinator.swift; sourceTree = "<group>"; };
		F3EB76572CDDE30B0054D4E1 /* TravelNewCoordinatorImp.swift */ = {isa = PBXFileReference; fileEncoding = 4; lastKnownFileType = sourcecode.swift; path = TravelNewCoordinatorImp.swift; sourceTree = "<group>"; };
		F3EB76582CDDE30B0054D4E1 /* TravelCoordinator.swift */ = {isa = PBXFileReference; fileEncoding = 4; lastKnownFileType = sourcecode.swift; path = TravelCoordinator.swift; sourceTree = "<group>"; };
		F3EB76592CDDE30B0054D4E1 /* TravelNewCoordinator.swift */ = {isa = PBXFileReference; fileEncoding = 4; lastKnownFileType = sourcecode.swift; path = TravelNewCoordinator.swift; sourceTree = "<group>"; };
		F3EB765B2CDDE30B0054D4E1 /* TravelCoordinatorImp.swift */ = {isa = PBXFileReference; fileEncoding = 4; lastKnownFileType = sourcecode.swift; path = TravelCoordinatorImp.swift; sourceTree = "<group>"; };
		F3EB76602CDDE3680054D4E1 /* TravelListSceneController.swift */ = {isa = PBXFileReference; fileEncoding = 4; lastKnownFileType = sourcecode.swift; path = TravelListSceneController.swift; sourceTree = "<group>"; };
		F3EB76612CDDE3680054D4E1 /* TravelNewSceneController.swift */ = {isa = PBXFileReference; fileEncoding = 4; lastKnownFileType = sourcecode.swift; path = TravelNewSceneController.swift; sourceTree = "<group>"; };
		F3EB76642CDDE39A0054D4E1 /* TravelTableView.swift */ = {isa = PBXFileReference; fileEncoding = 4; lastKnownFileType = sourcecode.swift; path = TravelTableView.swift; sourceTree = "<group>"; };
		F3EB76652CDDE39A0054D4E1 /* TravelTableViewCell.swift */ = {isa = PBXFileReference; fileEncoding = 4; lastKnownFileType = sourcecode.swift; path = TravelTableViewCell.swift; sourceTree = "<group>"; };
		F3EB76662CDDE39A0054D4E1 /* TravelTableViewCell.xib */ = {isa = PBXFileReference; fileEncoding = 4; lastKnownFileType = file.xib; path = TravelTableViewCell.xib; sourceTree = "<group>"; };
		F3EB766F2CDDE3DF0054D4E1 /* ExpenseSceneController.swift */ = {isa = PBXFileReference; fileEncoding = 4; lastKnownFileType = sourcecode.swift; path = ExpenseSceneController.swift; sourceTree = "<group>"; };
		F3EB76702CDDE3DF0054D4E1 /* ExpenseStatsViewController.swift */ = {isa = PBXFileReference; fileEncoding = 4; lastKnownFileType = sourcecode.swift; path = ExpenseStatsViewController.swift; sourceTree = "<group>"; };
		F3EB76712CDDE3DF0054D4E1 /* ExpenseRecordViewController.swift */ = {isa = PBXFileReference; fileEncoding = 4; lastKnownFileType = sourcecode.swift; path = ExpenseRecordViewController.swift; sourceTree = "<group>"; };
		F3EB76752CDDE5720054D4E1 /* ExpenseUseCaseImp.swift */ = {isa = PBXFileReference; fileEncoding = 4; lastKnownFileType = sourcecode.swift; path = ExpenseUseCaseImp.swift; sourceTree = "<group>"; };
		F3EB76762CDDE5720054D4E1 /* TravelUseCaseImp.swift */ = {isa = PBXFileReference; fileEncoding = 4; lastKnownFileType = sourcecode.swift; path = TravelUseCaseImp.swift; sourceTree = "<group>"; };
		F3EB76792CDDE5790054D4E1 /* Expense.swift */ = {isa = PBXFileReference; fileEncoding = 4; lastKnownFileType = sourcecode.swift; path = Expense.swift; sourceTree = "<group>"; };
		F3EB767A2CDDE5790054D4E1 /* Currency.swift */ = {isa = PBXFileReference; fileEncoding = 4; lastKnownFileType = sourcecode.swift; path = Currency.swift; sourceTree = "<group>"; };
		F3EB767B2CDDE5790054D4E1 /* Travel.swift */ = {isa = PBXFileReference; fileEncoding = 4; lastKnownFileType = sourcecode.swift; path = Travel.swift; sourceTree = "<group>"; };
		F3EB767C2CDDE5790054D4E1 /* Budget.swift */ = {isa = PBXFileReference; fileEncoding = 4; lastKnownFileType = sourcecode.swift; path = Budget.swift; sourceTree = "<group>"; };
		F3EB768B2CDDECFF0054D4E1 /* UIFont+AKFont.swift */ = {isa = PBXFileReference; lastKnownFileType = sourcecode.swift; path = "UIFont+AKFont.swift"; sourceTree = "<group>"; };
		F3EB76AB2CDDEED10054D4E1 /* CustomFont.swift */ = {isa = PBXFileReference; lastKnownFileType = sourcecode.swift; path = CustomFont.swift; sourceTree = "<group>"; };
		F3EB76AD2CDDEEE80054D4E1 /* AKFontType.swift */ = {isa = PBXFileReference; lastKnownFileType = sourcecode.swift; path = AKFontType.swift; sourceTree = "<group>"; };
		F3EB76B02CDDFD210054D4E1 /* UIColor+AKColor.swift */ = {isa = PBXFileReference; lastKnownFileType = sourcecode.swift; path = "UIColor+AKColor.swift"; sourceTree = "<group>"; };
		F3EB76B22CDDFD850054D4E1 /* UIColor+Hex.swift */ = {isa = PBXFileReference; lastKnownFileType = sourcecode.swift; path = "UIColor+Hex.swift"; sourceTree = "<group>"; };
		F3EB76B42CDE14E60054D4E1 /* UIViewController+HideKeyboard.swift */ = {isa = PBXFileReference; lastKnownFileType = sourcecode.swift; path = "UIViewController+HideKeyboard.swift"; sourceTree = "<group>"; };
		F3EB76B62CDE157B0054D4E1 /* SetWindowBackground.swift */ = {isa = PBXFileReference; lastKnownFileType = sourcecode.swift; path = SetWindowBackground.swift; sourceTree = "<group>"; };
		F3EB76BA2CDE1A2C0054D4E1 /* CGFloat+AkSpacing.swift */ = {isa = PBXFileReference; lastKnownFileType = sourcecode.swift; path = "CGFloat+AkSpacing.swift"; sourceTree = "<group>"; };
		F3EB76BC2CDE33AF0054D4E1 /* Empty.swift */ = {isa = PBXFileReference; lastKnownFileType = sourcecode.swift; path = Empty.swift; sourceTree = "<group>"; };
		F3EB76BE2CDE406C0054D4E1 /* SFMonoBoldItalic.otf */ = {isa = PBXFileReference; lastKnownFileType = file; path = SFMonoBoldItalic.otf; sourceTree = "<group>"; };
		F3EB76BF2CDE406D0054D4E1 /* SFMonoMedium.otf */ = {isa = PBXFileReference; lastKnownFileType = file; path = SFMonoMedium.otf; sourceTree = "<group>"; };
		F3EB76C02CDE406D0054D4E1 /* SFMonoSemibold.otf */ = {isa = PBXFileReference; lastKnownFileType = file; path = SFMonoSemibold.otf; sourceTree = "<group>"; };
		F3EB76C12CDE406D0054D4E1 /* SFMonoLightItalic.otf */ = {isa = PBXFileReference; lastKnownFileType = file; path = SFMonoLightItalic.otf; sourceTree = "<group>"; };
		F3EB76C22CDE406D0054D4E1 /* SFMonoLight.otf */ = {isa = PBXFileReference; lastKnownFileType = file; path = SFMonoLight.otf; sourceTree = "<group>"; };
		F3EB76C32CDE406D0054D4E1 /* GmarketSansTTFMedium.ttf */ = {isa = PBXFileReference; lastKnownFileType = file; path = GmarketSansTTFMedium.ttf; sourceTree = "<group>"; };
		F3EB76C42CDE406D0054D4E1 /* SFMonoBold.otf */ = {isa = PBXFileReference; lastKnownFileType = file; path = SFMonoBold.otf; sourceTree = "<group>"; };
		F3EB76C52CDE406D0054D4E1 /* SFMonoHeavy.otf */ = {isa = PBXFileReference; lastKnownFileType = file; path = SFMonoHeavy.otf; sourceTree = "<group>"; };
		F3EB76C62CDE406D0054D4E1 /* GmarketSansTTFLight.ttf */ = {isa = PBXFileReference; lastKnownFileType = file; path = GmarketSansTTFLight.ttf; sourceTree = "<group>"; };
		F3EB76C72CDE406D0054D4E1 /* SFMonoMediumItalic.otf */ = {isa = PBXFileReference; lastKnownFileType = file; path = SFMonoMediumItalic.otf; sourceTree = "<group>"; };
		F3EB76C82CDE406D0054D4E1 /* SFMonoRegular.otf */ = {isa = PBXFileReference; lastKnownFileType = file; path = SFMonoRegular.otf; sourceTree = "<group>"; };
		F3EB76C92CDE406D0054D4E1 /* GmarketSansTTFBold.ttf */ = {isa = PBXFileReference; lastKnownFileType = file; path = GmarketSansTTFBold.ttf; sourceTree = "<group>"; };
		F3EB76CA2CDE406D0054D4E1 /* SFMonoRegularItalic.otf */ = {isa = PBXFileReference; lastKnownFileType = file; path = SFMonoRegularItalic.otf; sourceTree = "<group>"; };
		F3EB76CB2CDE406D0054D4E1 /* SFMonoHeavyItalic.otf */ = {isa = PBXFileReference; lastKnownFileType = file; path = SFMonoHeavyItalic.otf; sourceTree = "<group>"; };
		F3EB76CC2CDE406D0054D4E1 /* SFMonoSemiboldItalic.otf */ = {isa = PBXFileReference; lastKnownFileType = file; path = SFMonoSemiboldItalic.otf; sourceTree = "<group>"; };
		F3EB76DD2CDF965F0054D4E1 /* TravelListSceneFactoryImp.swift */ = {isa = PBXFileReference; lastKnownFileType = sourcecode.swift; path = TravelListSceneFactoryImp.swift; sourceTree = "<group>"; };
		F3EB76DF2CDF969E0054D4E1 /* TravelListSceneFactory.swift */ = {isa = PBXFileReference; lastKnownFileType = sourcecode.swift; path = TravelListSceneFactory.swift; sourceTree = "<group>"; };
		F3EB76E12CDF97410054D4E1 /* TravelNewSceneFactory.swift */ = {isa = PBXFileReference; lastKnownFileType = sourcecode.swift; path = TravelNewSceneFactory.swift; sourceTree = "<group>"; };
		F3EB76E32CDF97480054D4E1 /* TravelNewSceneFactoryImp.swift */ = {isa = PBXFileReference; lastKnownFileType = sourcecode.swift; path = TravelNewSceneFactoryImp.swift; sourceTree = "<group>"; };
		F3EB76E62CDF990B0054D4E1 /* ExpenseSceneFactory.swift */ = {isa = PBXFileReference; lastKnownFileType = sourcecode.swift; path = ExpenseSceneFactory.swift; sourceTree = "<group>"; };
		F3EB76E82CDF99150054D4E1 /* ExpenseSceneFactoryImp.swift */ = {isa = PBXFileReference; lastKnownFileType = sourcecode.swift; path = ExpenseSceneFactoryImp.swift; sourceTree = "<group>"; };
		F3EB76EC2CDFAF700054D4E1 /* ExpenseRecordFactoryImp.swift */ = {isa = PBXFileReference; lastKnownFileType = sourcecode.swift; path = ExpenseRecordFactoryImp.swift; sourceTree = "<group>"; };
		F3EB76EE2CDFAF800054D4E1 /* ExpenseRecordFactory.swift */ = {isa = PBXFileReference; lastKnownFileType = sourcecode.swift; path = ExpenseRecordFactory.swift; sourceTree = "<group>"; };
		F3EB76F02CDFAF8E0054D4E1 /* ExpenseStatsFactory.swift */ = {isa = PBXFileReference; lastKnownFileType = sourcecode.swift; path = ExpenseStatsFactory.swift; sourceTree = "<group>"; };
		F3EB76F22CDFAF960054D4E1 /* ExpenseStatsFactoryImp.swift */ = {isa = PBXFileReference; lastKnownFileType = sourcecode.swift; path = ExpenseStatsFactoryImp.swift; sourceTree = "<group>"; };
		F3EB76F42CDFB95A0054D4E1 /* TravelListCoordinator.swift */ = {isa = PBXFileReference; lastKnownFileType = sourcecode.swift; path = TravelListCoordinator.swift; sourceTree = "<group>"; };
		F3EB76F82CDFBA0B0054D4E1 /* ExpenseStatsCoordinator.swift */ = {isa = PBXFileReference; lastKnownFileType = sourcecode.swift; path = ExpenseStatsCoordinator.swift; sourceTree = "<group>"; };
		F3EB76FA2CDFBB600054D4E1 /* ExpenseRecordCoordinator.swift */ = {isa = PBXFileReference; lastKnownFileType = sourcecode.swift; path = ExpenseRecordCoordinator.swift; sourceTree = "<group>"; };
		F3EB76FD2CE09CCD0054D4E1 /* ExpenseUseCase.swift */ = {isa = PBXFileReference; lastKnownFileType = sourcecode.swift; path = ExpenseUseCase.swift; sourceTree = "<group>"; };
		F3EB76FF2CE09CE50054D4E1 /* TravelUseCase.swift */ = {isa = PBXFileReference; lastKnownFileType = sourcecode.swift; path = TravelUseCase.swift; sourceTree = "<group>"; };
/* End PBXFileReference section */

/* Begin PBXFrameworksBuildPhase section */
		F3EB75FD2CDD14B00054D4E1 /* Frameworks */ = {
			isa = PBXFrameworksBuildPhase;
			buildActionMask = 2147483647;
			files = (
			);
			runOnlyForDeploymentPostprocessing = 0;
		};
		F3EB76132CDD14B20054D4E1 /* Frameworks */ = {
			isa = PBXFrameworksBuildPhase;
			buildActionMask = 2147483647;
			files = (
			);
			runOnlyForDeploymentPostprocessing = 0;
		};
		F3EB761D2CDD14B20054D4E1 /* Frameworks */ = {
			isa = PBXFrameworksBuildPhase;
			buildActionMask = 2147483647;
			files = (
			);
			runOnlyForDeploymentPostprocessing = 0;
		};
/* End PBXFrameworksBuildPhase section */

/* Begin PBXGroup section */
		F3EB75F72CDD14B00054D4E1 = {
			isa = PBXGroup;
			children = (
				512579B62CDD16DD00649D3F /* .swiftlint.yml */,
				F3EB76342CDD14F60054D4E1 /* .gitignore */,
				F3EB76022CDD14B00054D4E1 /* AKCOO */,
				F3EB76192CDD14B20054D4E1 /* AKCOOTests */,
				F3EB76232CDD14B20054D4E1 /* AKCOOUITests */,
				F3EB76012CDD14B00054D4E1 /* Products */,
			);
			sourceTree = "<group>";
		};
		F3EB76012CDD14B00054D4E1 /* Products */ = {
			isa = PBXGroup;
			children = (
				F3EB76002CDD14B00054D4E1 /* AKCOO.app */,
				F3EB76162CDD14B20054D4E1 /* AKCOOTests.xctest */,
				F3EB76202CDD14B20054D4E1 /* AKCOOUITests.xctest */,
			);
			name = Products;
			sourceTree = "<group>";
		};
		F3EB76022CDD14B00054D4E1 /* AKCOO */ = {
			isa = PBXGroup;
			children = (
				F3EB76892CDDEC2F0054D4E1 /* Resources */,
				F3EB76392CDDDC990054D4E1 /* App */,
				F3EB763F2CDDDDAD0054D4E1 /* Scene */,
				F3EB76842CDDE65A0054D4E1 /* DesignSystem */,
				F3EB764E2CDDDFE30054D4E1 /* Model */,
			);
			path = AKCOO;
			sourceTree = "<group>";
		};
		F3EB76192CDD14B20054D4E1 /* AKCOOTests */ = {
			isa = PBXGroup;
			children = (
				F3EB761A2CDD14B20054D4E1 /* AKCOOTests.swift */,
			);
			path = AKCOOTests;
			sourceTree = "<group>";
		};
		F3EB76232CDD14B20054D4E1 /* AKCOOUITests */ = {
			isa = PBXGroup;
			children = (
				F3EB76242CDD14B20054D4E1 /* AKCOOUITests.swift */,
				F3EB76262CDD14B20054D4E1 /* AKCOOUITestsLaunchTests.swift */,
			);
			path = AKCOOUITests;
			sourceTree = "<group>";
		};
		F3EB76392CDDDC990054D4E1 /* App */ = {
			isa = PBXGroup;
			children = (
				F3EB76832CDDE64B0054D4E1 /* Coordinator */,
				F3EB76372CDDDC990054D4E1 /* AppDelegate.swift */,
				F3EB76382CDDDC990054D4E1 /* SceneDelegate.swift */,
			);
			path = App;
			sourceTree = "<group>";
		};
		F3EB763F2CDDDDAD0054D4E1 /* Scene */ = {
			isa = PBXGroup;
			children = (
				F3EB764C2CDDDF520054D4E1 /* TravelScene */,
				F3EB764D2CDDDFC30054D4E1 /* ExpenseScene */,
				F3EB76422CDDDDD10054D4E1 /* Common */,
			);
			path = Scene;
			sourceTree = "<group>";
		};
		F3EB76422CDDDDD10054D4E1 /* Common */ = {
			isa = PBXGroup;
			children = (
				F3EB76432CDDDDED0054D4E1 /* Coordinator */,
			);
			path = Common;
			sourceTree = "<group>";
		};
		F3EB76432CDDDDED0054D4E1 /* Coordinator */ = {
			isa = PBXGroup;
			children = (
				F3EB76442CDDDDFF0054D4E1 /* Coordinator.swift */,
				F3EB76452CDDDDFF0054D4E1 /* CoordinatorFinishDelegate.swift */,
				F3EB76462CDDDDFF0054D4E1 /* CoordinatorType.swift */,
			);
			path = Coordinator;
			sourceTree = "<group>";
		};
		F3EB764C2CDDDF520054D4E1 /* TravelScene */ = {
			isa = PBXGroup;
			children = (
				F3EB764F2CDDDFEC0054D4E1 /* View */,
				F3EB76502CDDDFF20054D4E1 /* Controller */,
				F3EB76532CDDE0280054D4E1 /* Coordinator */,
			);
			path = TravelScene;
			sourceTree = "<group>";
		};
		F3EB764D2CDDDFC30054D4E1 /* ExpenseScene */ = {
			isa = PBXGroup;
			children = (
				F3EB76F62CDFB9FC0054D4E1 /* Coordinator */,
				F3EB76512CDDDFF90054D4E1 /* View */,
				F3EB76522CDDDFFC0054D4E1 /* Controller */,
			);
			path = ExpenseScene;
			sourceTree = "<group>";
		};
		F3EB764E2CDDDFE30054D4E1 /* Model */ = {
			isa = PBXGroup;
			children = (
				F3EB76552CDDE0970054D4E1 /* UseCase */,
				F3EB76562CDDE09E0054D4E1 /* Entity */,
			);
			path = Model;
			sourceTree = "<group>";
		};
		F3EB764F2CDDDFEC0054D4E1 /* View */ = {
			isa = PBXGroup;
			children = (
				F3EB76642CDDE39A0054D4E1 /* TravelTableView.swift */,
				F3EB76652CDDE39A0054D4E1 /* TravelTableViewCell.swift */,
				F3EB76662CDDE39A0054D4E1 /* TravelTableViewCell.xib */,
				955BF8BD2CE0C9F1009227FA /* TravelSearchBarView.swift */,
			);
			path = View;
			sourceTree = "<group>";
		};
		F3EB76502CDDDFF20054D4E1 /* Controller */ = {
			isa = PBXGroup;
			children = (
				F3EB76DC2CDF96420054D4E1 /* Factory */,
				F3EB76602CDDE3680054D4E1 /* TravelListSceneController.swift */,
				F3EB76612CDDE3680054D4E1 /* TravelNewSceneController.swift */,
			);
			path = Controller;
			sourceTree = "<group>";
		};
		F3EB76512CDDDFF90054D4E1 /* View */ = {
			isa = PBXGroup;
			children = (
				F3EB76BC2CDE33AF0054D4E1 /* Empty.swift */,
			);
			path = View;
			sourceTree = "<group>";
		};
		F3EB76522CDDDFFC0054D4E1 /* Controller */ = {
			isa = PBXGroup;
			children = (
				F3EB76E52CDF98620054D4E1 /* Factory */,
				F3EB766F2CDDE3DF0054D4E1 /* ExpenseSceneController.swift */,
				F3EB76712CDDE3DF0054D4E1 /* ExpenseRecordViewController.swift */,
				F3EB76702CDDE3DF0054D4E1 /* ExpenseStatsViewController.swift */,
			);
			path = Controller;
			sourceTree = "<group>";
		};
		F3EB76532CDDE0280054D4E1 /* Coordinator */ = {
			isa = PBXGroup;
			children = (
				F3EB76822CDDE5E20054D4E1 /* Protocol */,
				F3EB765B2CDDE30B0054D4E1 /* TravelCoordinatorImp.swift */,
				F3EB76572CDDE30B0054D4E1 /* TravelNewCoordinatorImp.swift */,
			);
			path = Coordinator;
			sourceTree = "<group>";
		};
		F3EB76552CDDE0970054D4E1 /* UseCase */ = {
			isa = PBXGroup;
			children = (
				F3EB76FC2CE09CB50054D4E1 /* Interface */,
				F3EB76752CDDE5720054D4E1 /* ExpenseUseCaseImp.swift */,
				F3EB76762CDDE5720054D4E1 /* TravelUseCaseImp.swift */,
			);
			path = UseCase;
			sourceTree = "<group>";
		};
		F3EB76562CDDE09E0054D4E1 /* Entity */ = {
			isa = PBXGroup;
			children = (
				F3EB767C2CDDE5790054D4E1 /* Budget.swift */,
				F3EB767A2CDDE5790054D4E1 /* Currency.swift */,
				F3EB76792CDDE5790054D4E1 /* Expense.swift */,
				F3EB767B2CDDE5790054D4E1 /* Travel.swift */,
			);
			path = Entity;
			sourceTree = "<group>";
		};
		F3EB76822CDDE5E20054D4E1 /* Protocol */ = {
			isa = PBXGroup;
			children = (
				F3EB76582CDDE30B0054D4E1 /* TravelCoordinator.swift */,
				F3EB76592CDDE30B0054D4E1 /* TravelNewCoordinator.swift */,
				F3EB76F42CDFB95A0054D4E1 /* TravelListCoordinator.swift */,
			);
			path = Protocol;
			sourceTree = "<group>";
		};
		F3EB76832CDDE64B0054D4E1 /* Coordinator */ = {
			isa = PBXGroup;
			children = (
				F3EB763D2CDDDD9A0054D4E1 /* AppCoordinatorImp.swift */,
				F3EB764A2CDDDE280054D4E1 /* AppCoordinator.swift */,
			);
			path = Coordinator;
			sourceTree = "<group>";
		};
		F3EB76842CDDE65A0054D4E1 /* DesignSystem */ = {
			isa = PBXGroup;
			children = (
				F3EB76B92CDE1A100054D4E1 /* Spacing */,
				F3EB76AF2CDDFCD50054D4E1 /* Color */,
				F3EB76872CDDE6990054D4E1 /* Font */,
				F3EB76852CDDE6880054D4E1 /* Extensions */,
			);
			path = DesignSystem;
			sourceTree = "<group>";
		};
		F3EB76852CDDE6880054D4E1 /* Extensions */ = {
			isa = PBXGroup;
			children = (
				F3EB76B22CDDFD850054D4E1 /* UIColor+Hex.swift */,
				512579B92CDE43EB00649D3F /* UIView+Setter.swift */,
				F3EB76B42CDE14E60054D4E1 /* UIViewController+HideKeyboard.swift */,
				F3EB76B62CDE157B0054D4E1 /* SetWindowBackground.swift */,
			);
			path = Extensions;
			sourceTree = "<group>";
		};
		F3EB76872CDDE6990054D4E1 /* Font */ = {
			isa = PBXGroup;
			children = (
				F3EB768B2CDDECFF0054D4E1 /* UIFont+AKFont.swift */,
				F3EB76AD2CDDEEE80054D4E1 /* AKFontType.swift */,
				F3EB76AB2CDDEED10054D4E1 /* CustomFont.swift */,
			);
			path = Font;
			sourceTree = "<group>";
		};
		F3EB76892CDDEC2F0054D4E1 /* Resources */ = {
			isa = PBXGroup;
			children = (
				F3EB768A2CDDEC510054D4E1 /* Fonts */,
				F3EB760C2CDD14B20054D4E1 /* Assets.xcassets */,
				F3EB760E2CDD14B20054D4E1 /* LaunchScreen.storyboard */,
				F3EB76112CDD14B20054D4E1 /* Info.plist */,
			);
			path = Resources;
			sourceTree = "<group>";
		};
		F3EB768A2CDDEC510054D4E1 /* Fonts */ = {
			isa = PBXGroup;
			children = (
				F3EB76C92CDE406D0054D4E1 /* GmarketSansTTFBold.ttf */,
				F3EB76C62CDE406D0054D4E1 /* GmarketSansTTFLight.ttf */,
				F3EB76C32CDE406D0054D4E1 /* GmarketSansTTFMedium.ttf */,
				F3EB76C42CDE406D0054D4E1 /* SFMonoBold.otf */,
				F3EB76BE2CDE406C0054D4E1 /* SFMonoBoldItalic.otf */,
				F3EB76C52CDE406D0054D4E1 /* SFMonoHeavy.otf */,
				F3EB76CB2CDE406D0054D4E1 /* SFMonoHeavyItalic.otf */,
				F3EB76C22CDE406D0054D4E1 /* SFMonoLight.otf */,
				F3EB76C12CDE406D0054D4E1 /* SFMonoLightItalic.otf */,
				F3EB76BF2CDE406D0054D4E1 /* SFMonoMedium.otf */,
				F3EB76C72CDE406D0054D4E1 /* SFMonoMediumItalic.otf */,
				F3EB76C82CDE406D0054D4E1 /* SFMonoRegular.otf */,
				F3EB76CA2CDE406D0054D4E1 /* SFMonoRegularItalic.otf */,
				F3EB76C02CDE406D0054D4E1 /* SFMonoSemibold.otf */,
				F3EB76CC2CDE406D0054D4E1 /* SFMonoSemiboldItalic.otf */,
			);
			path = Fonts;
			sourceTree = "<group>";
		};
		F3EB76AF2CDDFCD50054D4E1 /* Color */ = {
			isa = PBXGroup;
			children = (
				F3EB76B02CDDFD210054D4E1 /* UIColor+AKColor.swift */,
			);
			path = Color;
			sourceTree = "<group>";
		};
		F3EB76B92CDE1A100054D4E1 /* Spacing */ = {
			isa = PBXGroup;
			children = (
				F3EB76BA2CDE1A2C0054D4E1 /* CGFloat+AkSpacing.swift */,
			);
			path = Spacing;
			sourceTree = "<group>";
		};
		F3EB76DC2CDF96420054D4E1 /* Factory */ = {
			isa = PBXGroup;
			children = (
				F3EB76DD2CDF965F0054D4E1 /* TravelListSceneFactoryImp.swift */,
				F3EB76DF2CDF969E0054D4E1 /* TravelListSceneFactory.swift */,
				F3EB76E32CDF97480054D4E1 /* TravelNewSceneFactoryImp.swift */,
				F3EB76E12CDF97410054D4E1 /* TravelNewSceneFactory.swift */,
			);
			path = Factory;
			sourceTree = "<group>";
		};
		F3EB76E52CDF98620054D4E1 /* Factory */ = {
			isa = PBXGroup;
			children = (
				F3EB76E62CDF990B0054D4E1 /* ExpenseSceneFactory.swift */,
				F3EB76E82CDF99150054D4E1 /* ExpenseSceneFactoryImp.swift */,
				F3EB76EE2CDFAF800054D4E1 /* ExpenseRecordFactory.swift */,
				F3EB76EC2CDFAF700054D4E1 /* ExpenseRecordFactoryImp.swift */,
				F3EB76F02CDFAF8E0054D4E1 /* ExpenseStatsFactory.swift */,
				F3EB76F22CDFAF960054D4E1 /* ExpenseStatsFactoryImp.swift */,
			);
			path = Factory;
			sourceTree = "<group>";
		};
		F3EB76F62CDFB9FC0054D4E1 /* Coordinator */ = {
			isa = PBXGroup;
			children = (
				F3EB76F72CDFBA010054D4E1 /* Protocol */,
			);
			path = Coordinator;
			sourceTree = "<group>";
		};
		F3EB76F72CDFBA010054D4E1 /* Protocol */ = {
			isa = PBXGroup;
			children = (
				F3EB76F82CDFBA0B0054D4E1 /* ExpenseStatsCoordinator.swift */,
				F3EB76FA2CDFBB600054D4E1 /* ExpenseRecordCoordinator.swift */,
			);
			path = Protocol;
			sourceTree = "<group>";
		};
		F3EB76FC2CE09CB50054D4E1 /* Interface */ = {
			isa = PBXGroup;
			children = (
				F3EB76FD2CE09CCD0054D4E1 /* ExpenseUseCase.swift */,
				F3EB76FF2CE09CE50054D4E1 /* TravelUseCase.swift */,
			);
			path = Interface;
			sourceTree = "<group>";
		};
/* End PBXGroup section */

/* Begin PBXNativeTarget section */
		F3EB75FF2CDD14B00054D4E1 /* AKCOO */ = {
			isa = PBXNativeTarget;
			buildConfigurationList = F3EB762A2CDD14B20054D4E1 /* Build configuration list for PBXNativeTarget "AKCOO" */;
			buildPhases = (
				512579B82CDD173C00649D3F /* SwiftLint Script */,
				F3EB75FC2CDD14B00054D4E1 /* Sources */,
				F3EB75FD2CDD14B00054D4E1 /* Frameworks */,
				F3EB75FE2CDD14B00054D4E1 /* Resources */,
			);
			buildRules = (
			);
			dependencies = (
			);
			name = AKCOO;
			productName = AKCOO;
			productReference = F3EB76002CDD14B00054D4E1 /* AKCOO.app */;
			productType = "com.apple.product-type.application";
		};
		F3EB76152CDD14B20054D4E1 /* AKCOOTests */ = {
			isa = PBXNativeTarget;
			buildConfigurationList = F3EB762D2CDD14B20054D4E1 /* Build configuration list for PBXNativeTarget "AKCOOTests" */;
			buildPhases = (
				F3EB76122CDD14B20054D4E1 /* Sources */,
				F3EB76132CDD14B20054D4E1 /* Frameworks */,
				F3EB76142CDD14B20054D4E1 /* Resources */,
			);
			buildRules = (
			);
			dependencies = (
				F3EB76182CDD14B20054D4E1 /* PBXTargetDependency */,
			);
			name = AKCOOTests;
			productName = AKCOOTests;
			productReference = F3EB76162CDD14B20054D4E1 /* AKCOOTests.xctest */;
			productType = "com.apple.product-type.bundle.unit-test";
		};
		F3EB761F2CDD14B20054D4E1 /* AKCOOUITests */ = {
			isa = PBXNativeTarget;
			buildConfigurationList = F3EB76302CDD14B20054D4E1 /* Build configuration list for PBXNativeTarget "AKCOOUITests" */;
			buildPhases = (
				F3EB761C2CDD14B20054D4E1 /* Sources */,
				F3EB761D2CDD14B20054D4E1 /* Frameworks */,
				F3EB761E2CDD14B20054D4E1 /* Resources */,
			);
			buildRules = (
			);
			dependencies = (
				F3EB76222CDD14B20054D4E1 /* PBXTargetDependency */,
			);
			name = AKCOOUITests;
			productName = AKCOOUITests;
			productReference = F3EB76202CDD14B20054D4E1 /* AKCOOUITests.xctest */;
			productType = "com.apple.product-type.bundle.ui-testing";
		};
/* End PBXNativeTarget section */

/* Begin PBXProject section */
		F3EB75F82CDD14B00054D4E1 /* Project object */ = {
			isa = PBXProject;
			attributes = {
				BuildIndependentTargetsInParallel = 1;
				LastSwiftUpdateCheck = 1540;
				LastUpgradeCheck = 1540;
				TargetAttributes = {
					F3EB75FF2CDD14B00054D4E1 = {
						CreatedOnToolsVersion = 15.4;
					};
					F3EB76152CDD14B20054D4E1 = {
						CreatedOnToolsVersion = 15.4;
						TestTargetID = F3EB75FF2CDD14B00054D4E1;
					};
					F3EB761F2CDD14B20054D4E1 = {
						CreatedOnToolsVersion = 15.4;
						TestTargetID = F3EB75FF2CDD14B00054D4E1;
					};
				};
			};
			buildConfigurationList = F3EB75FB2CDD14B00054D4E1 /* Build configuration list for PBXProject "AKCOO" */;
			compatibilityVersion = "Xcode 14.0";
			developmentRegion = en;
			hasScannedForEncodings = 0;
			knownRegions = (
				en,
				Base,
			);
			mainGroup = F3EB75F72CDD14B00054D4E1;
			productRefGroup = F3EB76012CDD14B00054D4E1 /* Products */;
			projectDirPath = "";
			projectRoot = "";
			targets = (
				F3EB75FF2CDD14B00054D4E1 /* AKCOO */,
				F3EB76152CDD14B20054D4E1 /* AKCOOTests */,
				F3EB761F2CDD14B20054D4E1 /* AKCOOUITests */,
			);
		};
/* End PBXProject section */

/* Begin PBXResourcesBuildPhase section */
		F3EB75FE2CDD14B00054D4E1 /* Resources */ = {
			isa = PBXResourcesBuildPhase;
			buildActionMask = 2147483647;
			files = (
				F3EB76D82CDE406D0054D4E1 /* GmarketSansTTFBold.ttf in Resources */,
				F3EB76D52CDE406D0054D4E1 /* GmarketSansTTFLight.ttf in Resources */,
				F3EB76D62CDE406D0054D4E1 /* SFMonoMediumItalic.otf in Resources */,
				F3EB76D92CDE406D0054D4E1 /* SFMonoRegularItalic.otf in Resources */,
				F3EB76D42CDE406D0054D4E1 /* SFMonoHeavy.otf in Resources */,
				F3EB76CF2CDE406D0054D4E1 /* SFMonoSemibold.otf in Resources */,
				F3EB76CE2CDE406D0054D4E1 /* SFMonoMedium.otf in Resources */,
				F3EB76CD2CDE406D0054D4E1 /* SFMonoBoldItalic.otf in Resources */,
				F3EB76D32CDE406D0054D4E1 /* SFMonoBold.otf in Resources */,
				F3EB76D72CDE406D0054D4E1 /* SFMonoRegular.otf in Resources */,
				F3EB76D12CDE406D0054D4E1 /* SFMonoLight.otf in Resources */,
				F3EB76DB2CDE406D0054D4E1 /* SFMonoSemiboldItalic.otf in Resources */,
				512579B72CDD16DD00649D3F /* .swiftlint.yml in Resources */,
				F3EB76352CDD14F60054D4E1 /* .gitignore in Resources */,
				F3EB760D2CDD14B20054D4E1 /* Assets.xcassets in Resources */,
				F3EB76D02CDE406D0054D4E1 /* SFMonoLightItalic.otf in Resources */,
				F3EB76DA2CDE406D0054D4E1 /* SFMonoHeavyItalic.otf in Resources */,
				F3EB76102CDD14B20054D4E1 /* Base in Resources */,
				F3EB76692CDDE39A0054D4E1 /* TravelTableViewCell.xib in Resources */,
				F3EB76D22CDE406D0054D4E1 /* GmarketSansTTFMedium.ttf in Resources */,
			);
			runOnlyForDeploymentPostprocessing = 0;
		};
		F3EB76142CDD14B20054D4E1 /* Resources */ = {
			isa = PBXResourcesBuildPhase;
			buildActionMask = 2147483647;
			files = (
			);
			runOnlyForDeploymentPostprocessing = 0;
		};
		F3EB761E2CDD14B20054D4E1 /* Resources */ = {
			isa = PBXResourcesBuildPhase;
			buildActionMask = 2147483647;
			files = (
			);
			runOnlyForDeploymentPostprocessing = 0;
		};
/* End PBXResourcesBuildPhase section */

/* Begin PBXShellScriptBuildPhase section */
		512579B82CDD173C00649D3F /* SwiftLint Script */ = {
			isa = PBXShellScriptBuildPhase;
			alwaysOutOfDate = 1;
			buildActionMask = 2147483647;
			files = (
			);
			inputFileListPaths = (
			);
			inputPaths = (
			);
			name = "SwiftLint Script";
			outputFileListPaths = (
			);
			outputPaths = (
			);
			runOnlyForDeploymentPostprocessing = 0;
			shellPath = /bin/sh;
			shellScript = "if [[ \"$(uname -m)\" == arm64 ]]; then\n    export PATH=\"/opt/homebrew/bin:$PATH\"\nfi\n\nif which swiftlint > /dev/null; then\n  swiftlint\nelse\n  echo \"warning: SwiftLint not installed, download from https://github.com/realm/SwiftLint\"\nfi\n";
		};
/* End PBXShellScriptBuildPhase section */

/* Begin PBXSourcesBuildPhase section */
		F3EB75FC2CDD14B00054D4E1 /* Sources */ = {
			isa = PBXSourcesBuildPhase;
			buildActionMask = 2147483647;
			files = (
				F3EB76492CDDDDFF0054D4E1 /* CoordinatorType.swift in Sources */,
				512579BA2CDE43EB00649D3F /* UIView+Setter.swift in Sources */,
				F3EB76E72CDF990B0054D4E1 /* ExpenseSceneFactory.swift in Sources */,
				F3EB76DE2CDF965F0054D4E1 /* TravelListSceneFactoryImp.swift in Sources */,
				F3EB76722CDDE3DF0054D4E1 /* ExpenseSceneController.swift in Sources */,
				F3EB77002CE09CE50054D4E1 /* TravelUseCase.swift in Sources */,
				F3EB76672CDDE39A0054D4E1 /* TravelTableView.swift in Sources */,
				F3EB76B52CDE14E60054D4E1 /* UIViewController+HideKeyboard.swift in Sources */,
				F3EB763E2CDDDD9A0054D4E1 /* AppCoordinatorImp.swift in Sources */,
				F3EB765E2CDDE30B0054D4E1 /* TravelNewCoordinator.swift in Sources */,
				F3EB76732CDDE3DF0054D4E1 /* ExpenseStatsViewController.swift in Sources */,
				F3EB76FB2CDFBB600054D4E1 /* ExpenseRecordCoordinator.swift in Sources */,
				F3EB76682CDDE39A0054D4E1 /* TravelTableViewCell.swift in Sources */,
				F3EB76B72CDE157B0054D4E1 /* SetWindowBackground.swift in Sources */,
				F3EB76EF2CDFAF800054D4E1 /* ExpenseRecordFactory.swift in Sources */,
				F3EB76772CDDE5720054D4E1 /* ExpenseUseCaseImp.swift in Sources */,
				F3EB76482CDDDDFF0054D4E1 /* CoordinatorFinishDelegate.swift in Sources */,
				F3EB76FE2CE09CCD0054D4E1 /* ExpenseUseCase.swift in Sources */,
				955BF8BE2CE0C9F1009227FA /* TravelSearchBarView.swift in Sources */,
				F3EB76AE2CDDEEE80054D4E1 /* AKFontType.swift in Sources */,
				F3EB76BD2CDE33AF0054D4E1 /* Empty.swift in Sources */,
				F3EB76E42CDF97480054D4E1 /* TravelNewSceneFactoryImp.swift in Sources */,
				F3EB76ED2CDFAF700054D4E1 /* ExpenseRecordFactoryImp.swift in Sources */,
				F3EB765F2CDDE30B0054D4E1 /* TravelCoordinatorImp.swift in Sources */,
				F3EB76622CDDE3680054D4E1 /* TravelListSceneController.swift in Sources */,
				F3EB76F52CDFB95A0054D4E1 /* TravelListCoordinator.swift in Sources */,
				F3EB76F92CDFBA0B0054D4E1 /* ExpenseStatsCoordinator.swift in Sources */,
				F3EB76F12CDFAF8E0054D4E1 /* ExpenseStatsFactory.swift in Sources */,
				F3EB76B32CDDFD850054D4E1 /* UIColor+Hex.swift in Sources */,
				F3EB76632CDDE3680054D4E1 /* TravelNewSceneController.swift in Sources */,
				F3EB767E2CDDE5790054D4E1 /* Currency.swift in Sources */,
				F3EB767D2CDDE5790054D4E1 /* Expense.swift in Sources */,
				F3EB76BB2CDE1A2C0054D4E1 /* CGFloat+AkSpacing.swift in Sources */,
				F3EB76B12CDDFD210054D4E1 /* UIColor+AKColor.swift in Sources */,
				F3EB765C2CDDE30B0054D4E1 /* TravelNewCoordinatorImp.swift in Sources */,
				F3EB764B2CDDDE280054D4E1 /* AppCoordinator.swift in Sources */,
				F3EB765D2CDDE30B0054D4E1 /* TravelCoordinator.swift in Sources */,
				F3EB76F32CDFAF960054D4E1 /* ExpenseStatsFactoryImp.swift in Sources */,
				F3EB76742CDDE3DF0054D4E1 /* ExpenseRecordViewController.swift in Sources */,
				F3EB76E92CDF99150054D4E1 /* ExpenseSceneFactoryImp.swift in Sources */,
				F3EB76802CDDE5790054D4E1 /* Budget.swift in Sources */,
				F3EB76AC2CDDEED10054D4E1 /* CustomFont.swift in Sources */,
				F3EB76472CDDDDFF0054D4E1 /* Coordinator.swift in Sources */,
				F3EB76E02CDF969E0054D4E1 /* TravelListSceneFactory.swift in Sources */,
				F3EB76E22CDF97410054D4E1 /* TravelNewSceneFactory.swift in Sources */,
				F3EB763B2CDDDC990054D4E1 /* AppDelegate.swift in Sources */,
				F3EB768C2CDDECFF0054D4E1 /* UIFont+AKFont.swift in Sources */,
				F3EB763C2CDDDC990054D4E1 /* SceneDelegate.swift in Sources */,
				F3EB767F2CDDE5790054D4E1 /* Travel.swift in Sources */,
				F3EB76782CDDE5720054D4E1 /* TravelUseCaseImp.swift in Sources */,
			);
			runOnlyForDeploymentPostprocessing = 0;
		};
		F3EB76122CDD14B20054D4E1 /* Sources */ = {
			isa = PBXSourcesBuildPhase;
			buildActionMask = 2147483647;
			files = (
				F3EB761B2CDD14B20054D4E1 /* AKCOOTests.swift in Sources */,
			);
			runOnlyForDeploymentPostprocessing = 0;
		};
		F3EB761C2CDD14B20054D4E1 /* Sources */ = {
			isa = PBXSourcesBuildPhase;
			buildActionMask = 2147483647;
			files = (
				F3EB76272CDD14B20054D4E1 /* AKCOOUITestsLaunchTests.swift in Sources */,
				F3EB76252CDD14B20054D4E1 /* AKCOOUITests.swift in Sources */,
			);
			runOnlyForDeploymentPostprocessing = 0;
		};
/* End PBXSourcesBuildPhase section */

/* Begin PBXTargetDependency section */
		F3EB76182CDD14B20054D4E1 /* PBXTargetDependency */ = {
			isa = PBXTargetDependency;
			target = F3EB75FF2CDD14B00054D4E1 /* AKCOO */;
			targetProxy = F3EB76172CDD14B20054D4E1 /* PBXContainerItemProxy */;
		};
		F3EB76222CDD14B20054D4E1 /* PBXTargetDependency */ = {
			isa = PBXTargetDependency;
			target = F3EB75FF2CDD14B00054D4E1 /* AKCOO */;
			targetProxy = F3EB76212CDD14B20054D4E1 /* PBXContainerItemProxy */;
		};
/* End PBXTargetDependency section */

/* Begin PBXVariantGroup section */
		F3EB760E2CDD14B20054D4E1 /* LaunchScreen.storyboard */ = {
			isa = PBXVariantGroup;
			children = (
				F3EB760F2CDD14B20054D4E1 /* Base */,
			);
			name = LaunchScreen.storyboard;
			sourceTree = "<group>";
		};
/* End PBXVariantGroup section */

/* Begin XCBuildConfiguration section */
		F3EB76282CDD14B20054D4E1 /* Debug */ = {
			isa = XCBuildConfiguration;
			buildSettings = {
				ALWAYS_SEARCH_USER_PATHS = NO;
				ASSETCATALOG_COMPILER_GENERATE_SWIFT_ASSET_SYMBOL_EXTENSIONS = YES;
				CLANG_ANALYZER_NONNULL = YES;
				CLANG_ANALYZER_NUMBER_OBJECT_CONVERSION = YES_AGGRESSIVE;
				CLANG_CXX_LANGUAGE_STANDARD = "gnu++20";
				CLANG_ENABLE_MODULES = YES;
				CLANG_ENABLE_OBJC_ARC = YES;
				CLANG_ENABLE_OBJC_WEAK = YES;
				CLANG_WARN_BLOCK_CAPTURE_AUTORELEASING = YES;
				CLANG_WARN_BOOL_CONVERSION = YES;
				CLANG_WARN_COMMA = YES;
				CLANG_WARN_CONSTANT_CONVERSION = YES;
				CLANG_WARN_DEPRECATED_OBJC_IMPLEMENTATIONS = YES;
				CLANG_WARN_DIRECT_OBJC_ISA_USAGE = YES_ERROR;
				CLANG_WARN_DOCUMENTATION_COMMENTS = YES;
				CLANG_WARN_EMPTY_BODY = YES;
				CLANG_WARN_ENUM_CONVERSION = YES;
				CLANG_WARN_INFINITE_RECURSION = YES;
				CLANG_WARN_INT_CONVERSION = YES;
				CLANG_WARN_NON_LITERAL_NULL_CONVERSION = YES;
				CLANG_WARN_OBJC_IMPLICIT_RETAIN_SELF = YES;
				CLANG_WARN_OBJC_LITERAL_CONVERSION = YES;
				CLANG_WARN_OBJC_ROOT_CLASS = YES_ERROR;
				CLANG_WARN_QUOTED_INCLUDE_IN_FRAMEWORK_HEADER = YES;
				CLANG_WARN_RANGE_LOOP_ANALYSIS = YES;
				CLANG_WARN_STRICT_PROTOTYPES = YES;
				CLANG_WARN_SUSPICIOUS_MOVE = YES;
				CLANG_WARN_UNGUARDED_AVAILABILITY = YES_AGGRESSIVE;
				CLANG_WARN_UNREACHABLE_CODE = YES;
				CLANG_WARN__DUPLICATE_METHOD_MATCH = YES;
				COPY_PHASE_STRIP = NO;
				DEBUG_INFORMATION_FORMAT = dwarf;
				ENABLE_STRICT_OBJC_MSGSEND = YES;
				ENABLE_TESTABILITY = YES;
				ENABLE_USER_SCRIPT_SANDBOXING = NO;
				GCC_C_LANGUAGE_STANDARD = gnu17;
				GCC_DYNAMIC_NO_PIC = NO;
				GCC_NO_COMMON_BLOCKS = YES;
				GCC_OPTIMIZATION_LEVEL = 0;
				GCC_PREPROCESSOR_DEFINITIONS = (
					"DEBUG=1",
					"$(inherited)",
				);
				GCC_WARN_64_TO_32_BIT_CONVERSION = YES;
				GCC_WARN_ABOUT_RETURN_TYPE = YES_ERROR;
				GCC_WARN_UNDECLARED_SELECTOR = YES;
				GCC_WARN_UNINITIALIZED_AUTOS = YES_AGGRESSIVE;
				GCC_WARN_UNUSED_FUNCTION = YES;
				GCC_WARN_UNUSED_VARIABLE = YES;
				IPHONEOS_DEPLOYMENT_TARGET = 17.5;
				LOCALIZATION_PREFERS_STRING_CATALOGS = YES;
				MTL_ENABLE_DEBUG_INFO = INCLUDE_SOURCE;
				MTL_FAST_MATH = YES;
				ONLY_ACTIVE_ARCH = YES;
				SDKROOT = iphoneos;
				SWIFT_ACTIVE_COMPILATION_CONDITIONS = "DEBUG $(inherited)";
				SWIFT_OPTIMIZATION_LEVEL = "-Onone";
			};
			name = Debug;
		};
		F3EB76292CDD14B20054D4E1 /* Release */ = {
			isa = XCBuildConfiguration;
			buildSettings = {
				ALWAYS_SEARCH_USER_PATHS = NO;
				ASSETCATALOG_COMPILER_GENERATE_SWIFT_ASSET_SYMBOL_EXTENSIONS = YES;
				CLANG_ANALYZER_NONNULL = YES;
				CLANG_ANALYZER_NUMBER_OBJECT_CONVERSION = YES_AGGRESSIVE;
				CLANG_CXX_LANGUAGE_STANDARD = "gnu++20";
				CLANG_ENABLE_MODULES = YES;
				CLANG_ENABLE_OBJC_ARC = YES;
				CLANG_ENABLE_OBJC_WEAK = YES;
				CLANG_WARN_BLOCK_CAPTURE_AUTORELEASING = YES;
				CLANG_WARN_BOOL_CONVERSION = YES;
				CLANG_WARN_COMMA = YES;
				CLANG_WARN_CONSTANT_CONVERSION = YES;
				CLANG_WARN_DEPRECATED_OBJC_IMPLEMENTATIONS = YES;
				CLANG_WARN_DIRECT_OBJC_ISA_USAGE = YES_ERROR;
				CLANG_WARN_DOCUMENTATION_COMMENTS = YES;
				CLANG_WARN_EMPTY_BODY = YES;
				CLANG_WARN_ENUM_CONVERSION = YES;
				CLANG_WARN_INFINITE_RECURSION = YES;
				CLANG_WARN_INT_CONVERSION = YES;
				CLANG_WARN_NON_LITERAL_NULL_CONVERSION = YES;
				CLANG_WARN_OBJC_IMPLICIT_RETAIN_SELF = YES;
				CLANG_WARN_OBJC_LITERAL_CONVERSION = YES;
				CLANG_WARN_OBJC_ROOT_CLASS = YES_ERROR;
				CLANG_WARN_QUOTED_INCLUDE_IN_FRAMEWORK_HEADER = YES;
				CLANG_WARN_RANGE_LOOP_ANALYSIS = YES;
				CLANG_WARN_STRICT_PROTOTYPES = YES;
				CLANG_WARN_SUSPICIOUS_MOVE = YES;
				CLANG_WARN_UNGUARDED_AVAILABILITY = YES_AGGRESSIVE;
				CLANG_WARN_UNREACHABLE_CODE = YES;
				CLANG_WARN__DUPLICATE_METHOD_MATCH = YES;
				COPY_PHASE_STRIP = NO;
				DEBUG_INFORMATION_FORMAT = "dwarf-with-dsym";
				ENABLE_NS_ASSERTIONS = NO;
				ENABLE_STRICT_OBJC_MSGSEND = YES;
				ENABLE_USER_SCRIPT_SANDBOXING = NO;
				GCC_C_LANGUAGE_STANDARD = gnu17;
				GCC_NO_COMMON_BLOCKS = YES;
				GCC_WARN_64_TO_32_BIT_CONVERSION = YES;
				GCC_WARN_ABOUT_RETURN_TYPE = YES_ERROR;
				GCC_WARN_UNDECLARED_SELECTOR = YES;
				GCC_WARN_UNINITIALIZED_AUTOS = YES_AGGRESSIVE;
				GCC_WARN_UNUSED_FUNCTION = YES;
				GCC_WARN_UNUSED_VARIABLE = YES;
				IPHONEOS_DEPLOYMENT_TARGET = 17.5;
				LOCALIZATION_PREFERS_STRING_CATALOGS = YES;
				MTL_ENABLE_DEBUG_INFO = NO;
				MTL_FAST_MATH = YES;
				SDKROOT = iphoneos;
				SWIFT_COMPILATION_MODE = wholemodule;
				VALIDATE_PRODUCT = YES;
			};
			name = Release;
		};
		F3EB762B2CDD14B20054D4E1 /* Debug */ = {
			isa = XCBuildConfiguration;
			buildSettings = {
				ASSETCATALOG_COMPILER_APPICON_NAME = AppIcon;
				ASSETCATALOG_COMPILER_GLOBAL_ACCENT_COLOR_NAME = AccentColor;
				CODE_SIGN_STYLE = Automatic;
				CURRENT_PROJECT_VERSION = 1;
				DEVELOPMENT_TEAM = 99KH3TLG9V;
				GENERATE_INFOPLIST_FILE = YES;
				INFOPLIST_FILE = AKCOO/Resources/Info.plist;
				INFOPLIST_KEY_UIApplicationSupportsIndirectInputEvents = YES;
				INFOPLIST_KEY_UILaunchStoryboardName = LaunchScreen;
				INFOPLIST_KEY_UISupportedInterfaceOrientations = UIInterfaceOrientationPortrait;
				INFOPLIST_KEY_UISupportedInterfaceOrientations_iPad = "UIInterfaceOrientationLandscapeLeft UIInterfaceOrientationLandscapeRight UIInterfaceOrientationPortrait UIInterfaceOrientationPortraitUpsideDown";
				INFOPLIST_KEY_UIUserInterfaceStyle = Light;
				IPHONEOS_DEPLOYMENT_TARGET = 17.0;
				LD_RUNPATH_SEARCH_PATHS = (
					"$(inherited)",
					"@executable_path/Frameworks",
				);
				MARKETING_VERSION = 1.0.0;
				PRODUCT_BUNDLE_IDENTIFIER = com.akcoo.AKCOO;
				PRODUCT_NAME = "$(TARGET_NAME)";
				SUPPORTED_PLATFORMS = "iphoneos iphonesimulator";
				SUPPORTS_MACCATALYST = NO;
				SUPPORTS_MAC_DESIGNED_FOR_IPHONE_IPAD = NO;
				SUPPORTS_XR_DESIGNED_FOR_IPHONE_IPAD = NO;
				SWIFT_EMIT_LOC_STRINGS = YES;
				SWIFT_VERSION = 5.0;
				TARGETED_DEVICE_FAMILY = 1;
			};
			name = Debug;
		};
		F3EB762C2CDD14B20054D4E1 /* Release */ = {
			isa = XCBuildConfiguration;
			buildSettings = {
				ASSETCATALOG_COMPILER_APPICON_NAME = AppIcon;
				ASSETCATALOG_COMPILER_GLOBAL_ACCENT_COLOR_NAME = AccentColor;
				CODE_SIGN_STYLE = Automatic;
				CURRENT_PROJECT_VERSION = 1;
				DEVELOPMENT_TEAM = 99KH3TLG9V;
				GENERATE_INFOPLIST_FILE = YES;
				INFOPLIST_FILE = AKCOO/Resources/Info.plist;
				INFOPLIST_KEY_UIApplicationSupportsIndirectInputEvents = YES;
				INFOPLIST_KEY_UILaunchStoryboardName = LaunchScreen;
				INFOPLIST_KEY_UISupportedInterfaceOrientations = UIInterfaceOrientationPortrait;
				INFOPLIST_KEY_UISupportedInterfaceOrientations_iPad = "UIInterfaceOrientationLandscapeLeft UIInterfaceOrientationLandscapeRight UIInterfaceOrientationPortrait UIInterfaceOrientationPortraitUpsideDown";
				INFOPLIST_KEY_UIUserInterfaceStyle = Light;
				IPHONEOS_DEPLOYMENT_TARGET = 17.0;
				LD_RUNPATH_SEARCH_PATHS = (
					"$(inherited)",
					"@executable_path/Frameworks",
				);
				MARKETING_VERSION = 1.0.0;
				PRODUCT_BUNDLE_IDENTIFIER = com.akcoo.AKCOO;
				PRODUCT_NAME = "$(TARGET_NAME)";
				SUPPORTED_PLATFORMS = "iphoneos iphonesimulator";
				SUPPORTS_MACCATALYST = NO;
				SUPPORTS_MAC_DESIGNED_FOR_IPHONE_IPAD = NO;
				SUPPORTS_XR_DESIGNED_FOR_IPHONE_IPAD = NO;
				SWIFT_EMIT_LOC_STRINGS = YES;
				SWIFT_VERSION = 5.0;
				TARGETED_DEVICE_FAMILY = 1;
			};
			name = Release;
		};
		F3EB762E2CDD14B20054D4E1 /* Debug */ = {
			isa = XCBuildConfiguration;
			buildSettings = {
				ALWAYS_EMBED_SWIFT_STANDARD_LIBRARIES = YES;
				BUNDLE_LOADER = "$(TEST_HOST)";
				CODE_SIGN_STYLE = Automatic;
				CURRENT_PROJECT_VERSION = 1;
				DEVELOPMENT_TEAM = QVX6L7QGV2;
				GENERATE_INFOPLIST_FILE = YES;
				IPHONEOS_DEPLOYMENT_TARGET = 17.5;
				MARKETING_VERSION = 1.0;
				PRODUCT_BUNDLE_IDENTIFIER = com.akcoo.AKCOOTests;
				PRODUCT_NAME = "$(TARGET_NAME)";
				SWIFT_EMIT_LOC_STRINGS = NO;
				SWIFT_VERSION = 5.0;
				TARGETED_DEVICE_FAMILY = "1,2";
				TEST_HOST = "$(BUILT_PRODUCTS_DIR)/AKCOO.app/$(BUNDLE_EXECUTABLE_FOLDER_PATH)/AKCOO";
			};
			name = Debug;
		};
		F3EB762F2CDD14B20054D4E1 /* Release */ = {
			isa = XCBuildConfiguration;
			buildSettings = {
				ALWAYS_EMBED_SWIFT_STANDARD_LIBRARIES = YES;
				BUNDLE_LOADER = "$(TEST_HOST)";
				CODE_SIGN_STYLE = Automatic;
				CURRENT_PROJECT_VERSION = 1;
				DEVELOPMENT_TEAM = QVX6L7QGV2;
				GENERATE_INFOPLIST_FILE = YES;
				IPHONEOS_DEPLOYMENT_TARGET = 17.5;
				MARKETING_VERSION = 1.0;
				PRODUCT_BUNDLE_IDENTIFIER = com.akcoo.AKCOOTests;
				PRODUCT_NAME = "$(TARGET_NAME)";
				SWIFT_EMIT_LOC_STRINGS = NO;
				SWIFT_VERSION = 5.0;
				TARGETED_DEVICE_FAMILY = "1,2";
				TEST_HOST = "$(BUILT_PRODUCTS_DIR)/AKCOO.app/$(BUNDLE_EXECUTABLE_FOLDER_PATH)/AKCOO";
			};
			name = Release;
		};
		F3EB76312CDD14B20054D4E1 /* Debug */ = {
			isa = XCBuildConfiguration;
			buildSettings = {
				ALWAYS_EMBED_SWIFT_STANDARD_LIBRARIES = YES;
				CODE_SIGN_STYLE = Automatic;
				CURRENT_PROJECT_VERSION = 1;
				DEVELOPMENT_TEAM = QVX6L7QGV2;
				GENERATE_INFOPLIST_FILE = YES;
				MARKETING_VERSION = 1.0;
				PRODUCT_BUNDLE_IDENTIFIER = com.akcoo.AKCOOUITests;
				PRODUCT_NAME = "$(TARGET_NAME)";
				SWIFT_EMIT_LOC_STRINGS = NO;
				SWIFT_VERSION = 5.0;
				TARGETED_DEVICE_FAMILY = "1,2";
				TEST_TARGET_NAME = AKCOO;
			};
			name = Debug;
		};
		F3EB76322CDD14B20054D4E1 /* Release */ = {
			isa = XCBuildConfiguration;
			buildSettings = {
				ALWAYS_EMBED_SWIFT_STANDARD_LIBRARIES = YES;
				CODE_SIGN_STYLE = Automatic;
				CURRENT_PROJECT_VERSION = 1;
				DEVELOPMENT_TEAM = QVX6L7QGV2;
				GENERATE_INFOPLIST_FILE = YES;
				MARKETING_VERSION = 1.0;
				PRODUCT_BUNDLE_IDENTIFIER = com.akcoo.AKCOOUITests;
				PRODUCT_NAME = "$(TARGET_NAME)";
				SWIFT_EMIT_LOC_STRINGS = NO;
				SWIFT_VERSION = 5.0;
				TARGETED_DEVICE_FAMILY = "1,2";
				TEST_TARGET_NAME = AKCOO;
			};
			name = Release;
		};
/* End XCBuildConfiguration section */

/* Begin XCConfigurationList section */
		F3EB75FB2CDD14B00054D4E1 /* Build configuration list for PBXProject "AKCOO" */ = {
			isa = XCConfigurationList;
			buildConfigurations = (
				F3EB76282CDD14B20054D4E1 /* Debug */,
				F3EB76292CDD14B20054D4E1 /* Release */,
			);
			defaultConfigurationIsVisible = 0;
			defaultConfigurationName = Release;
		};
		F3EB762A2CDD14B20054D4E1 /* Build configuration list for PBXNativeTarget "AKCOO" */ = {
			isa = XCConfigurationList;
			buildConfigurations = (
				F3EB762B2CDD14B20054D4E1 /* Debug */,
				F3EB762C2CDD14B20054D4E1 /* Release */,
			);
			defaultConfigurationIsVisible = 0;
			defaultConfigurationName = Release;
		};
		F3EB762D2CDD14B20054D4E1 /* Build configuration list for PBXNativeTarget "AKCOOTests" */ = {
			isa = XCConfigurationList;
			buildConfigurations = (
				F3EB762E2CDD14B20054D4E1 /* Debug */,
				F3EB762F2CDD14B20054D4E1 /* Release */,
			);
			defaultConfigurationIsVisible = 0;
			defaultConfigurationName = Release;
		};
		F3EB76302CDD14B20054D4E1 /* Build configuration list for PBXNativeTarget "AKCOOUITests" */ = {
			isa = XCConfigurationList;
			buildConfigurations = (
				F3EB76312CDD14B20054D4E1 /* Debug */,
				F3EB76322CDD14B20054D4E1 /* Release */,
			);
			defaultConfigurationIsVisible = 0;
			defaultConfigurationName = Release;
		};
/* End XCConfigurationList section */
	};
	rootObject = F3EB75F82CDD14B00054D4E1 /* Project object */;
}
