// !$*UTF8*$!
{
	archiveVersion = 1;
	classes = {
	};
	objectVersion = 56;
	objects = {

/* Begin PBXBuildFile section */
		512579B72CDD16DD00649D3F /* .swiftlint.yml in Resources */ = {isa = PBXBuildFile; fileRef = 512579B62CDD16DD00649D3F /* .swiftlint.yml */; };
		F3EB76042CDD14B00054D4E1 /* AppDelegate.swift in Sources */ = {isa = PBXBuildFile; fileRef = F3EB76032CDD14B00054D4E1 /* AppDelegate.swift */; };
		F3EB76062CDD14B00054D4E1 /* SceneDelegate.swift in Sources */ = {isa = PBXBuildFile; fileRef = F3EB76052CDD14B00054D4E1 /* SceneDelegate.swift */; };
		F3EB76082CDD14B00054D4E1 /* ViewController.swift in Sources */ = {isa = PBXBuildFile; fileRef = F3EB76072CDD14B00054D4E1 /* ViewController.swift */; };
		F3EB760B2CDD14B00054D4E1 /* Base in Resources */ = {isa = PBXBuildFile; fileRef = F3EB760A2CDD14B00054D4E1 /* Base */; };
		F3EB760D2CDD14B20054D4E1 /* Assets.xcassets in Resources */ = {isa = PBXBuildFile; fileRef = F3EB760C2CDD14B20054D4E1 /* Assets.xcassets */; };
		F3EB76102CDD14B20054D4E1 /* Base in Resources */ = {isa = PBXBuildFile; fileRef = F3EB760F2CDD14B20054D4E1 /* Base */; };
		F3EB761B2CDD14B20054D4E1 /* AKCOOTests.swift in Sources */ = {isa = PBXBuildFile; fileRef = F3EB761A2CDD14B20054D4E1 /* AKCOOTests.swift */; };
		F3EB76252CDD14B20054D4E1 /* AKCOOUITests.swift in Sources */ = {isa = PBXBuildFile; fileRef = F3EB76242CDD14B20054D4E1 /* AKCOOUITests.swift */; };
		F3EB76272CDD14B20054D4E1 /* AKCOOUITestsLaunchTests.swift in Sources */ = {isa = PBXBuildFile; fileRef = F3EB76262CDD14B20054D4E1 /* AKCOOUITestsLaunchTests.swift */; };
		F3EB76352CDD14F60054D4E1 /* .gitignore in Resources */ = {isa = PBXBuildFile; fileRef = F3EB76342CDD14F60054D4E1 /* .gitignore */; };
/* End PBXBuildFile section */

/* Begin PBXContainerItemProxy section */
		F3EB76172CDD14B20054D4E1 /* PBXContainerItemProxy */ = {
			isa = PBXContainerItemProxy;
			containerPortal = F3EB75F82CDD14B00054D4E1 /* Project object */;
			proxyType = 1;
			remoteGlobalIDString = F3EB75FF2CDD14B00054D4E1;
			remoteInfo = AKCOO;
		};
		F3EB76212CDD14B20054D4E1 /* PBXContainerItemProxy */ = {
			isa = PBXContainerItemProxy;
			containerPortal = F3EB75F82CDD14B00054D4E1 /* Project object */;
			proxyType = 1;
			remoteGlobalIDString = F3EB75FF2CDD14B00054D4E1;
			remoteInfo = AKCOO;
		};
/* End PBXContainerItemProxy section */

/* Begin PBXFileReference section */
		512579B62CDD16DD00649D3F /* .swiftlint.yml */ = {isa = PBXFileReference; lastKnownFileType = text.yaml; path = .swiftlint.yml; sourceTree = "<group>"; };
		F3EB76002CDD14B00054D4E1 /* AKCOO.app */ = {isa = PBXFileReference; explicitFileType = wrapper.application; includeInIndex = 0; path = AKCOO.app; sourceTree = BUILT_PRODUCTS_DIR; };
		F3EB76032CDD14B00054D4E1 /* AppDelegate.swift */ = {isa = PBXFileReference; lastKnownFileType = sourcecode.swift; path = AppDelegate.swift; sourceTree = "<group>"; };
		F3EB76052CDD14B00054D4E1 /* SceneDelegate.swift */ = {isa = PBXFileReference; lastKnownFileType = sourcecode.swift; path = SceneDelegate.swift; sourceTree = "<group>"; };
		F3EB76072CDD14B00054D4E1 /* ViewController.swift */ = {isa = PBXFileReference; lastKnownFileType = sourcecode.swift; path = ViewController.swift; sourceTree = "<group>"; };
		F3EB760A2CDD14B00054D4E1 /* Base */ = {isa = PBXFileReference; lastKnownFileType = file.storyboard; name = Base; path = Base.lproj/Main.storyboard; sourceTree = "<group>"; };
		F3EB760C2CDD14B20054D4E1 /* Assets.xcassets */ = {isa = PBXFileReference; lastKnownFileType = folder.assetcatalog; path = Assets.xcassets; sourceTree = "<group>"; };
		F3EB760F2CDD14B20054D4E1 /* Base */ = {isa = PBXFileReference; lastKnownFileType = file.storyboard; name = Base; path = Base.lproj/LaunchScreen.storyboard; sourceTree = "<group>"; };
		F3EB76112CDD14B20054D4E1 /* Info.plist */ = {isa = PBXFileReference; lastKnownFileType = text.plist.xml; path = Info.plist; sourceTree = "<group>"; };
		F3EB76162CDD14B20054D4E1 /* AKCOOTests.xctest */ = {isa = PBXFileReference; explicitFileType = wrapper.cfbundle; includeInIndex = 0; path = AKCOOTests.xctest; sourceTree = BUILT_PRODUCTS_DIR; };
		F3EB761A2CDD14B20054D4E1 /* AKCOOTests.swift */ = {isa = PBXFileReference; lastKnownFileType = sourcecode.swift; path = AKCOOTests.swift; sourceTree = "<group>"; };
		F3EB76202CDD14B20054D4E1 /* AKCOOUITests.xctest */ = {isa = PBXFileReference; explicitFileType = wrapper.cfbundle; includeInIndex = 0; path = AKCOOUITests.xctest; sourceTree = BUILT_PRODUCTS_DIR; };
		F3EB76242CDD14B20054D4E1 /* AKCOOUITests.swift */ = {isa = PBXFileReference; lastKnownFileType = sourcecode.swift; path = AKCOOUITests.swift; sourceTree = "<group>"; };
		F3EB76262CDD14B20054D4E1 /* AKCOOUITestsLaunchTests.swift */ = {isa = PBXFileReference; lastKnownFileType = sourcecode.swift; path = AKCOOUITestsLaunchTests.swift; sourceTree = "<group>"; };
		F3EB76342CDD14F60054D4E1 /* .gitignore */ = {isa = PBXFileReference; lastKnownFileType = text; path = .gitignore; sourceTree = "<group>"; };
/* End PBXFileReference section */

/* Begin PBXFrameworksBuildPhase section */
		F3EB75FD2CDD14B00054D4E1 /* Frameworks */ = {
			isa = PBXFrameworksBuildPhase;
			buildActionMask = 2147483647;
			files = (
			);
			runOnlyForDeploymentPostprocessing = 0;
		};
		F3EB76132CDD14B20054D4E1 /* Frameworks */ = {
			isa = PBXFrameworksBuildPhase;
			buildActionMask = 2147483647;
			files = (
			);
			runOnlyForDeploymentPostprocessing = 0;
		};
		F3EB761D2CDD14B20054D4E1 /* Frameworks */ = {
			isa = PBXFrameworksBuildPhase;
			buildActionMask = 2147483647;
			files = (
			);
			runOnlyForDeploymentPostprocessing = 0;
		};
/* End PBXFrameworksBuildPhase section */

/* Begin PBXGroup section */
		F3EB75F72CDD14B00054D4E1 = {
			isa = PBXGroup;
			children = (
				512579B62CDD16DD00649D3F /* .swiftlint.yml */,
				F3EB76342CDD14F60054D4E1 /* .gitignore */,
				F3EB76022CDD14B00054D4E1 /* AKCOO */,
				F3EB76192CDD14B20054D4E1 /* AKCOOTests */,
				F3EB76232CDD14B20054D4E1 /* AKCOOUITests */,
				F3EB76012CDD14B00054D4E1 /* Products */,
			);
			sourceTree = "<group>";
		};
		F3EB76012CDD14B00054D4E1 /* Products */ = {
			isa = PBXGroup;
			children = (
				F3EB76002CDD14B00054D4E1 /* AKCOO.app */,
				F3EB76162CDD14B20054D4E1 /* AKCOOTests.xctest */,
				F3EB76202CDD14B20054D4E1 /* AKCOOUITests.xctest */,
			);
			name = Products;
			sourceTree = "<group>";
		};
		F3EB76022CDD14B00054D4E1 /* AKCOO */ = {
			isa = PBXGroup;
			children = (
				F3EB76032CDD14B00054D4E1 /* AppDelegate.swift */,
				F3EB76052CDD14B00054D4E1 /* SceneDelegate.swift */,
				F3EB76072CDD14B00054D4E1 /* ViewController.swift */,
				F3EB76092CDD14B00054D4E1 /* Main.storyboard */,
				F3EB760C2CDD14B20054D4E1 /* Assets.xcassets */,
				F3EB760E2CDD14B20054D4E1 /* LaunchScreen.storyboard */,
				F3EB76112CDD14B20054D4E1 /* Info.plist */,
			);
			path = AKCOO;
			sourceTree = "<group>";
		};
		F3EB76192CDD14B20054D4E1 /* AKCOOTests */ = {
			isa = PBXGroup;
			children = (
				F3EB761A2CDD14B20054D4E1 /* AKCOOTests.swift */,
			);
			path = AKCOOTests;
			sourceTree = "<group>";
		};
		F3EB76232CDD14B20054D4E1 /* AKCOOUITests */ = {
			isa = PBXGroup;
			children = (
				F3EB76242CDD14B20054D4E1 /* AKCOOUITests.swift */,
				F3EB76262CDD14B20054D4E1 /* AKCOOUITestsLaunchTests.swift */,
			);
			path = AKCOOUITests;
			sourceTree = "<group>";
		};
/* End PBXGroup section */

/* Begin PBXNativeTarget section */
		F3EB75FF2CDD14B00054D4E1 /* AKCOO */ = {
			isa = PBXNativeTarget;
			buildConfigurationList = F3EB762A2CDD14B20054D4E1 /* Build configuration list for PBXNativeTarget "AKCOO" */;
			buildPhases = (
				512579B82CDD173C00649D3F /* SwiftLint Script */,
				F3EB75FC2CDD14B00054D4E1 /* Sources */,
				F3EB75FD2CDD14B00054D4E1 /* Frameworks */,
				F3EB75FE2CDD14B00054D4E1 /* Resources */,
			);
			buildRules = (
			);
			dependencies = (
			);
			name = AKCOO;
			productName = AKCOO;
			productReference = F3EB76002CDD14B00054D4E1 /* AKCOO.app */;
			productType = "com.apple.product-type.application";
		};
		F3EB76152CDD14B20054D4E1 /* AKCOOTests */ = {
			isa = PBXNativeTarget;
			buildConfigurationList = F3EB762D2CDD14B20054D4E1 /* Build configuration list for PBXNativeTarget "AKCOOTests" */;
			buildPhases = (
				F3EB76122CDD14B20054D4E1 /* Sources */,
				F3EB76132CDD14B20054D4E1 /* Frameworks */,
				F3EB76142CDD14B20054D4E1 /* Resources */,
			);
			buildRules = (
			);
			dependencies = (
				F3EB76182CDD14B20054D4E1 /* PBXTargetDependency */,
			);
			name = AKCOOTests;
			productName = AKCOOTests;
			productReference = F3EB76162CDD14B20054D4E1 /* AKCOOTests.xctest */;
			productType = "com.apple.product-type.bundle.unit-test";
		};
		F3EB761F2CDD14B20054D4E1 /* AKCOOUITests */ = {
			isa = PBXNativeTarget;
			buildConfigurationList = F3EB76302CDD14B20054D4E1 /* Build configuration list for PBXNativeTarget "AKCOOUITests" */;
			buildPhases = (
				F3EB761C2CDD14B20054D4E1 /* Sources */,
				F3EB761D2CDD14B20054D4E1 /* Frameworks */,
				F3EB761E2CDD14B20054D4E1 /* Resources */,
			);
			buildRules = (
			);
			dependencies = (
				F3EB76222CDD14B20054D4E1 /* PBXTargetDependency */,
			);
			name = AKCOOUITests;
			productName = AKCOOUITests;
			productReference = F3EB76202CDD14B20054D4E1 /* AKCOOUITests.xctest */;
			productType = "com.apple.product-type.bundle.ui-testing";
		};
/* End PBXNativeTarget section */

/* Begin PBXProject section */
		F3EB75F82CDD14B00054D4E1 /* Project object */ = {
			isa = PBXProject;
			attributes = {
				BuildIndependentTargetsInParallel = 1;
				LastSwiftUpdateCheck = 1540;
				LastUpgradeCheck = 1540;
				TargetAttributes = {
					F3EB75FF2CDD14B00054D4E1 = {
						CreatedOnToolsVersion = 15.4;
					};
					F3EB76152CDD14B20054D4E1 = {
						CreatedOnToolsVersion = 15.4;
						TestTargetID = F3EB75FF2CDD14B00054D4E1;
					};
					F3EB761F2CDD14B20054D4E1 = {
						CreatedOnToolsVersion = 15.4;
						TestTargetID = F3EB75FF2CDD14B00054D4E1;
					};
				};
			};
			buildConfigurationList = F3EB75FB2CDD14B00054D4E1 /* Build configuration list for PBXProject "AKCOO" */;
			compatibilityVersion = "Xcode 14.0";
			developmentRegion = en;
			hasScannedForEncodings = 0;
			knownRegions = (
				en,
				Base,
			);
			mainGroup = F3EB75F72CDD14B00054D4E1;
			productRefGroup = F3EB76012CDD14B00054D4E1 /* Products */;
			projectDirPath = "";
			projectRoot = "";
			targets = (
				F3EB75FF2CDD14B00054D4E1 /* AKCOO */,
				F3EB76152CDD14B20054D4E1 /* AKCOOTests */,
				F3EB761F2CDD14B20054D4E1 /* AKCOOUITests */,
			);
		};
/* End PBXProject section */

/* Begin PBXResourcesBuildPhase section */
		F3EB75FE2CDD14B00054D4E1 /* Resources */ = {
			isa = PBXResourcesBuildPhase;
			buildActionMask = 2147483647;
			files = (
				512579B72CDD16DD00649D3F /* .swiftlint.yml in Resources */,
				F3EB76352CDD14F60054D4E1 /* .gitignore in Resources */,
				F3EB760D2CDD14B20054D4E1 /* Assets.xcassets in Resources */,
				F3EB76102CDD14B20054D4E1 /* Base in Resources */,
				F3EB760B2CDD14B00054D4E1 /* Base in Resources */,
			);
			runOnlyForDeploymentPostprocessing = 0;
		};
		F3EB76142CDD14B20054D4E1 /* Resources */ = {
			isa = PBXResourcesBuildPhase;
			buildActionMask = 2147483647;
			files = (
			);
			runOnlyForDeploymentPostprocessing = 0;
		};
		F3EB761E2CDD14B20054D4E1 /* Resources */ = {
			isa = PBXResourcesBuildPhase;
			buildActionMask = 2147483647;
			files = (
			);
			runOnlyForDeploymentPostprocessing = 0;
		};
/* End PBXResourcesBuildPhase section */

/* Begin PBXShellScriptBuildPhase section */
		512579B82CDD173C00649D3F /* SwiftLint Script */ = {
			isa = PBXShellScriptBuildPhase;
			alwaysOutOfDate = 1;
			buildActionMask = 2147483647;
			files = (
			);
			inputFileListPaths = (
			);
			inputPaths = (
			);
			name = "SwiftLint Script";
			outputFileListPaths = (
			);
			outputPaths = (
			);
			runOnlyForDeploymentPostprocessing = 0;
			shellPath = /bin/sh;
			shellScript = "if [[ \"$(uname -m)\" == arm64 ]]; then\n    export PATH=\"/opt/homebrew/bin:$PATH\"\nfi\n\nif which swiftlint > /dev/null; then\n  swiftlint\nelse\n  echo \"warning: SwiftLint not installed, download from https://github.com/realm/SwiftLint\"\nfi\n";
		};
/* End PBXShellScriptBuildPhase section */

/* Begin PBXSourcesBuildPhase section */
		F3EB75FC2CDD14B00054D4E1 /* Sources */ = {
			isa = PBXSourcesBuildPhase;
			buildActionMask = 2147483647;
			files = (
				F3EB76082CDD14B00054D4E1 /* ViewController.swift in Sources */,
				F3EB76042CDD14B00054D4E1 /* AppDelegate.swift in Sources */,
				F3EB76062CDD14B00054D4E1 /* SceneDelegate.swift in Sources */,
			);
			runOnlyForDeploymentPostprocessing = 0;
		};
		F3EB76122CDD14B20054D4E1 /* Sources */ = {
			isa = PBXSourcesBuildPhase;
			buildActionMask = 2147483647;
			files = (
				F3EB761B2CDD14B20054D4E1 /* AKCOOTests.swift in Sources */,
			);
			runOnlyForDeploymentPostprocessing = 0;
		};
		F3EB761C2CDD14B20054D4E1 /* Sources */ = {
			isa = PBXSourcesBuildPhase;
			buildActionMask = 2147483647;
			files = (
				F3EB76272CDD14B20054D4E1 /* AKCOOUITestsLaunchTests.swift in Sources */,
				F3EB76252CDD14B20054D4E1 /* AKCOOUITests.swift in Sources */,
			);
			runOnlyForDeploymentPostprocessing = 0;
		};
/* End PBXSourcesBuildPhase section */

/* Begin PBXTargetDependency section */
		F3EB76182CDD14B20054D4E1 /* PBXTargetDependency */ = {
			isa = PBXTargetDependency;
			target = F3EB75FF2CDD14B00054D4E1 /* AKCOO */;
			targetProxy = F3EB76172CDD14B20054D4E1 /* PBXContainerItemProxy */;
		};
		F3EB76222CDD14B20054D4E1 /* PBXTargetDependency */ = {
			isa = PBXTargetDependency;
			target = F3EB75FF2CDD14B00054D4E1 /* AKCOO */;
			targetProxy = F3EB76212CDD14B20054D4E1 /* PBXContainerItemProxy */;
		};
/* End PBXTargetDependency section */

/* Begin PBXVariantGroup section */
		F3EB76092CDD14B00054D4E1 /* Main.storyboard */ = {
			isa = PBXVariantGroup;
			children = (
				F3EB760A2CDD14B00054D4E1 /* Base */,
			);
			name = Main.storyboard;
			sourceTree = "<group>";
		};
		F3EB760E2CDD14B20054D4E1 /* LaunchScreen.storyboard */ = {
			isa = PBXVariantGroup;
			children = (
				F3EB760F2CDD14B20054D4E1 /* Base */,
			);
			name = LaunchScreen.storyboard;
			sourceTree = "<group>";
		};
/* End PBXVariantGroup section */

/* Begin XCBuildConfiguration section */
		F3EB76282CDD14B20054D4E1 /* Debug */ = {
			isa = XCBuildConfiguration;
			buildSettings = {
				ALWAYS_SEARCH_USER_PATHS = NO;
				ASSETCATALOG_COMPILER_GENERATE_SWIFT_ASSET_SYMBOL_EXTENSIONS = YES;
				CLANG_ANALYZER_NONNULL = YES;
				CLANG_ANALYZER_NUMBER_OBJECT_CONVERSION = YES_AGGRESSIVE;
				CLANG_CXX_LANGUAGE_STANDARD = "gnu++20";
				CLANG_ENABLE_MODULES = YES;
				CLANG_ENABLE_OBJC_ARC = YES;
				CLANG_ENABLE_OBJC_WEAK = YES;
				CLANG_WARN_BLOCK_CAPTURE_AUTORELEASING = YES;
				CLANG_WARN_BOOL_CONVERSION = YES;
				CLANG_WARN_COMMA = YES;
				CLANG_WARN_CONSTANT_CONVERSION = YES;
				CLANG_WARN_DEPRECATED_OBJC_IMPLEMENTATIONS = YES;
				CLANG_WARN_DIRECT_OBJC_ISA_USAGE = YES_ERROR;
				CLANG_WARN_DOCUMENTATION_COMMENTS = YES;
				CLANG_WARN_EMPTY_BODY = YES;
				CLANG_WARN_ENUM_CONVERSION = YES;
				CLANG_WARN_INFINITE_RECURSION = YES;
				CLANG_WARN_INT_CONVERSION = YES;
				CLANG_WARN_NON_LITERAL_NULL_CONVERSION = YES;
				CLANG_WARN_OBJC_IMPLICIT_RETAIN_SELF = YES;
				CLANG_WARN_OBJC_LITERAL_CONVERSION = YES;
				CLANG_WARN_OBJC_ROOT_CLASS = YES_ERROR;
				CLANG_WARN_QUOTED_INCLUDE_IN_FRAMEWORK_HEADER = YES;
				CLANG_WARN_RANGE_LOOP_ANALYSIS = YES;
				CLANG_WARN_STRICT_PROTOTYPES = YES;
				CLANG_WARN_SUSPICIOUS_MOVE = YES;
				CLANG_WARN_UNGUARDED_AVAILABILITY = YES_AGGRESSIVE;
				CLANG_WARN_UNREACHABLE_CODE = YES;
				CLANG_WARN__DUPLICATE_METHOD_MATCH = YES;
				COPY_PHASE_STRIP = NO;
				DEBUG_INFORMATION_FORMAT = dwarf;
				ENABLE_STRICT_OBJC_MSGSEND = YES;
				ENABLE_TESTABILITY = YES;
				ENABLE_USER_SCRIPT_SANDBOXING = NO;
				GCC_C_LANGUAGE_STANDARD = gnu17;
				GCC_DYNAMIC_NO_PIC = NO;
				GCC_NO_COMMON_BLOCKS = YES;
				GCC_OPTIMIZATION_LEVEL = 0;
				GCC_PREPROCESSOR_DEFINITIONS = (
					"DEBUG=1",
					"$(inherited)",
				);
				GCC_WARN_64_TO_32_BIT_CONVERSION = YES;
				GCC_WARN_ABOUT_RETURN_TYPE = YES_ERROR;
				GCC_WARN_UNDECLARED_SELECTOR = YES;
				GCC_WARN_UNINITIALIZED_AUTOS = YES_AGGRESSIVE;
				GCC_WARN_UNUSED_FUNCTION = YES;
				GCC_WARN_UNUSED_VARIABLE = YES;
				IPHONEOS_DEPLOYMENT_TARGET = 17.5;
				LOCALIZATION_PREFERS_STRING_CATALOGS = YES;
				MTL_ENABLE_DEBUG_INFO = INCLUDE_SOURCE;
				MTL_FAST_MATH = YES;
				ONLY_ACTIVE_ARCH = YES;
				SDKROOT = iphoneos;
				SWIFT_ACTIVE_COMPILATION_CONDITIONS = "DEBUG $(inherited)";
				SWIFT_OPTIMIZATION_LEVEL = "-Onone";
			};
			name = Debug;
		};
		F3EB76292CDD14B20054D4E1 /* Release */ = {
			isa = XCBuildConfiguration;
			buildSettings = {
				ALWAYS_SEARCH_USER_PATHS = NO;
				ASSETCATALOG_COMPILER_GENERATE_SWIFT_ASSET_SYMBOL_EXTENSIONS = YES;
				CLANG_ANALYZER_NONNULL = YES;
				CLANG_ANALYZER_NUMBER_OBJECT_CONVERSION = YES_AGGRESSIVE;
				CLANG_CXX_LANGUAGE_STANDARD = "gnu++20";
				CLANG_ENABLE_MODULES = YES;
				CLANG_ENABLE_OBJC_ARC = YES;
				CLANG_ENABLE_OBJC_WEAK = YES;
				CLANG_WARN_BLOCK_CAPTURE_AUTORELEASING = YES;
				CLANG_WARN_BOOL_CONVERSION = YES;
				CLANG_WARN_COMMA = YES;
				CLANG_WARN_CONSTANT_CONVERSION = YES;
				CLANG_WARN_DEPRECATED_OBJC_IMPLEMENTATIONS = YES;
				CLANG_WARN_DIRECT_OBJC_ISA_USAGE = YES_ERROR;
				CLANG_WARN_DOCUMENTATION_COMMENTS = YES;
				CLANG_WARN_EMPTY_BODY = YES;
				CLANG_WARN_ENUM_CONVERSION = YES;
				CLANG_WARN_INFINITE_RECURSION = YES;
				CLANG_WARN_INT_CONVERSION = YES;
				CLANG_WARN_NON_LITERAL_NULL_CONVERSION = YES;
				CLANG_WARN_OBJC_IMPLICIT_RETAIN_SELF = YES;
				CLANG_WARN_OBJC_LITERAL_CONVERSION = YES;
				CLANG_WARN_OBJC_ROOT_CLASS = YES_ERROR;
				CLANG_WARN_QUOTED_INCLUDE_IN_FRAMEWORK_HEADER = YES;
				CLANG_WARN_RANGE_LOOP_ANALYSIS = YES;
				CLANG_WARN_STRICT_PROTOTYPES = YES;
				CLANG_WARN_SUSPICIOUS_MOVE = YES;
				CLANG_WARN_UNGUARDED_AVAILABILITY = YES_AGGRESSIVE;
				CLANG_WARN_UNREACHABLE_CODE = YES;
				CLANG_WARN__DUPLICATE_METHOD_MATCH = YES;
				COPY_PHASE_STRIP = NO;
				DEBUG_INFORMATION_FORMAT = "dwarf-with-dsym";
				ENABLE_NS_ASSERTIONS = NO;
				ENABLE_STRICT_OBJC_MSGSEND = YES;
				ENABLE_USER_SCRIPT_SANDBOXING = NO;
				GCC_C_LANGUAGE_STANDARD = gnu17;
				GCC_NO_COMMON_BLOCKS = YES;
				GCC_WARN_64_TO_32_BIT_CONVERSION = YES;
				GCC_WARN_ABOUT_RETURN_TYPE = YES_ERROR;
				GCC_WARN_UNDECLARED_SELECTOR = YES;
				GCC_WARN_UNINITIALIZED_AUTOS = YES_AGGRESSIVE;
				GCC_WARN_UNUSED_FUNCTION = YES;
				GCC_WARN_UNUSED_VARIABLE = YES;
				IPHONEOS_DEPLOYMENT_TARGET = 17.5;
				LOCALIZATION_PREFERS_STRING_CATALOGS = YES;
				MTL_ENABLE_DEBUG_INFO = NO;
				MTL_FAST_MATH = YES;
				SDKROOT = iphoneos;
				SWIFT_COMPILATION_MODE = wholemodule;
				VALIDATE_PRODUCT = YES;
			};
			name = Release;
		};
		F3EB762B2CDD14B20054D4E1 /* Debug */ = {
			isa = XCBuildConfiguration;
			buildSettings = {
				ASSETCATALOG_COMPILER_APPICON_NAME = AppIcon;
				ASSETCATALOG_COMPILER_GLOBAL_ACCENT_COLOR_NAME = AccentColor;
				CODE_SIGN_STYLE = Automatic;
				CURRENT_PROJECT_VERSION = 1;
				DEVELOPMENT_TEAM = 99KH3TLG9V;
				GENERATE_INFOPLIST_FILE = YES;
				INFOPLIST_FILE = AKCOO/Info.plist;
				INFOPLIST_KEY_UIApplicationSupportsIndirectInputEvents = YES;
				INFOPLIST_KEY_UILaunchStoryboardName = LaunchScreen;
				INFOPLIST_KEY_UIMainStoryboardFile = Main;
				INFOPLIST_KEY_UISupportedInterfaceOrientations = UIInterfaceOrientationPortrait;
				INFOPLIST_KEY_UISupportedInterfaceOrientations_iPad = "UIInterfaceOrientationLandscapeLeft UIInterfaceOrientationLandscapeRight UIInterfaceOrientationPortrait UIInterfaceOrientationPortraitUpsideDown";
				IPHONEOS_DEPLOYMENT_TARGET = 17.0;
				LD_RUNPATH_SEARCH_PATHS = (
					"$(inherited)",
					"@executable_path/Frameworks",
				);
				MARKETING_VERSION = 1.0;
				PRODUCT_BUNDLE_IDENTIFIER = com.akcoo.AKCOO;
				PRODUCT_NAME = "$(TARGET_NAME)";
				SUPPORTED_PLATFORMS = "iphoneos iphonesimulator";
				SUPPORTS_MACCATALYST = NO;
				SUPPORTS_MAC_DESIGNED_FOR_IPHONE_IPAD = NO;
				SUPPORTS_XR_DESIGNED_FOR_IPHONE_IPAD = NO;
				SWIFT_EMIT_LOC_STRINGS = YES;
				SWIFT_VERSION = 5.0;
				TARGETED_DEVICE_FAMILY = 1;
			};
			name = Debug;
		};
		F3EB762C2CDD14B20054D4E1 /* Release */ = {
			isa = XCBuildConfiguration;
			buildSettings = {
				ASSETCATALOG_COMPILER_APPICON_NAME = AppIcon;
				ASSETCATALOG_COMPILER_GLOBAL_ACCENT_COLOR_NAME = AccentColor;
				CODE_SIGN_STYLE = Automatic;
				CURRENT_PROJECT_VERSION = 1;
				DEVELOPMENT_TEAM = 99KH3TLG9V;
				GENERATE_INFOPLIST_FILE = YES;
				INFOPLIST_FILE = AKCOO/Info.plist;
				INFOPLIST_KEY_UIApplicationSupportsIndirectInputEvents = YES;
				INFOPLIST_KEY_UILaunchStoryboardName = LaunchScreen;
				INFOPLIST_KEY_UIMainStoryboardFile = Main;
				INFOPLIST_KEY_UISupportedInterfaceOrientations = UIInterfaceOrientationPortrait;
				INFOPLIST_KEY_UISupportedInterfaceOrientations_iPad = "UIInterfaceOrientationLandscapeLeft UIInterfaceOrientationLandscapeRight UIInterfaceOrientationPortrait UIInterfaceOrientationPortraitUpsideDown";
				IPHONEOS_DEPLOYMENT_TARGET = 17.0;
				LD_RUNPATH_SEARCH_PATHS = (
					"$(inherited)",
					"@executable_path/Frameworks",
				);
				MARKETING_VERSION = 1.0;
				PRODUCT_BUNDLE_IDENTIFIER = com.akcoo.AKCOO;
				PRODUCT_NAME = "$(TARGET_NAME)";
				SUPPORTED_PLATFORMS = "iphoneos iphonesimulator";
				SUPPORTS_MACCATALYST = NO;
				SUPPORTS_MAC_DESIGNED_FOR_IPHONE_IPAD = NO;
				SUPPORTS_XR_DESIGNED_FOR_IPHONE_IPAD = NO;
				SWIFT_EMIT_LOC_STRINGS = YES;
				SWIFT_VERSION = 5.0;
				TARGETED_DEVICE_FAMILY = 1;
			};
			name = Release;
		};
		F3EB762E2CDD14B20054D4E1 /* Debug */ = {
			isa = XCBuildConfiguration;
			buildSettings = {
				ALWAYS_EMBED_SWIFT_STANDARD_LIBRARIES = YES;
				BUNDLE_LOADER = "$(TEST_HOST)";
				CODE_SIGN_STYLE = Automatic;
				CURRENT_PROJECT_VERSION = 1;
				DEVELOPMENT_TEAM = QVX6L7QGV2;
				GENERATE_INFOPLIST_FILE = YES;
				IPHONEOS_DEPLOYMENT_TARGET = 17.5;
				MARKETING_VERSION = 1.0;
				PRODUCT_BUNDLE_IDENTIFIER = com.akcoo.AKCOOTests;
				PRODUCT_NAME = "$(TARGET_NAME)";
				SWIFT_EMIT_LOC_STRINGS = NO;
				SWIFT_VERSION = 5.0;
				TARGETED_DEVICE_FAMILY = "1,2";
				TEST_HOST = "$(BUILT_PRODUCTS_DIR)/AKCOO.app/$(BUNDLE_EXECUTABLE_FOLDER_PATH)/AKCOO";
			};
			name = Debug;
		};
		F3EB762F2CDD14B20054D4E1 /* Release */ = {
			isa = XCBuildConfiguration;
			buildSettings = {
				ALWAYS_EMBED_SWIFT_STANDARD_LIBRARIES = YES;
				BUNDLE_LOADER = "$(TEST_HOST)";
				CODE_SIGN_STYLE = Automatic;
				CURRENT_PROJECT_VERSION = 1;
				DEVELOPMENT_TEAM = QVX6L7QGV2;
				GENERATE_INFOPLIST_FILE = YES;
				IPHONEOS_DEPLOYMENT_TARGET = 17.5;
				MARKETING_VERSION = 1.0;
				PRODUCT_BUNDLE_IDENTIFIER = com.akcoo.AKCOOTests;
				PRODUCT_NAME = "$(TARGET_NAME)";
				SWIFT_EMIT_LOC_STRINGS = NO;
				SWIFT_VERSION = 5.0;
				TARGETED_DEVICE_FAMILY = "1,2";
				TEST_HOST = "$(BUILT_PRODUCTS_DIR)/AKCOO.app/$(BUNDLE_EXECUTABLE_FOLDER_PATH)/AKCOO";
			};
			name = Release;
		};
		F3EB76312CDD14B20054D4E1 /* Debug */ = {
			isa = XCBuildConfiguration;
			buildSettings = {
				ALWAYS_EMBED_SWIFT_STANDARD_LIBRARIES = YES;
				CODE_SIGN_STYLE = Automatic;
				CURRENT_PROJECT_VERSION = 1;
				DEVELOPMENT_TEAM = QVX6L7QGV2;
				GENERATE_INFOPLIST_FILE = YES;
				MARKETING_VERSION = 1.0;
				PRODUCT_BUNDLE_IDENTIFIER = com.akcoo.AKCOOUITests;
				PRODUCT_NAME = "$(TARGET_NAME)";
				SWIFT_EMIT_LOC_STRINGS = NO;
				SWIFT_VERSION = 5.0;
				TARGETED_DEVICE_FAMILY = "1,2";
				TEST_TARGET_NAME = AKCOO;
			};
			name = Debug;
		};
		F3EB76322CDD14B20054D4E1 /* Release */ = {
			isa = XCBuildConfiguration;
			buildSettings = {
				ALWAYS_EMBED_SWIFT_STANDARD_LIBRARIES = YES;
				CODE_SIGN_STYLE = Automatic;
				CURRENT_PROJECT_VERSION = 1;
				DEVELOPMENT_TEAM = QVX6L7QGV2;
				GENERATE_INFOPLIST_FILE = YES;
				MARKETING_VERSION = 1.0;
				PRODUCT_BUNDLE_IDENTIFIER = com.akcoo.AKCOOUITests;
				PRODUCT_NAME = "$(TARGET_NAME)";
				SWIFT_EMIT_LOC_STRINGS = NO;
				SWIFT_VERSION = 5.0;
				TARGETED_DEVICE_FAMILY = "1,2";
				TEST_TARGET_NAME = AKCOO;
			};
			name = Release;
		};
/* End XCBuildConfiguration section */

/* Begin XCConfigurationList section */
		F3EB75FB2CDD14B00054D4E1 /* Build configuration list for PBXProject "AKCOO" */ = {
			isa = XCConfigurationList;
			buildConfigurations = (
				F3EB76282CDD14B20054D4E1 /* Debug */,
				F3EB76292CDD14B20054D4E1 /* Release */,
			);
			defaultConfigurationIsVisible = 0;
			defaultConfigurationName = Release;
		};
		F3EB762A2CDD14B20054D4E1 /* Build configuration list for PBXNativeTarget "AKCOO" */ = {
			isa = XCConfigurationList;
			buildConfigurations = (
				F3EB762B2CDD14B20054D4E1 /* Debug */,
				F3EB762C2CDD14B20054D4E1 /* Release */,
			);
			defaultConfigurationIsVisible = 0;
			defaultConfigurationName = Release;
		};
		F3EB762D2CDD14B20054D4E1 /* Build configuration list for PBXNativeTarget "AKCOOTests" */ = {
			isa = XCConfigurationList;
			buildConfigurations = (
				F3EB762E2CDD14B20054D4E1 /* Debug */,
				F3EB762F2CDD14B20054D4E1 /* Release */,
			);
			defaultConfigurationIsVisible = 0;
			defaultConfigurationName = Release;
		};
		F3EB76302CDD14B20054D4E1 /* Build configuration list for PBXNativeTarget "AKCOOUITests" */ = {
			isa = XCConfigurationList;
			buildConfigurations = (
				F3EB76312CDD14B20054D4E1 /* Debug */,
				F3EB76322CDD14B20054D4E1 /* Release */,
			);
			defaultConfigurationIsVisible = 0;
			defaultConfigurationName = Release;
		};
/* End XCConfigurationList section */
	};
	rootObject = F3EB75F82CDD14B00054D4E1 /* Project object */;
}
